
Microsoft Visual Studio Solution File, Format Version 12.00
# Visual Studio Version 16
VisualStudioVersion = 16.0.31402.337
MinimumVisualStudioVersion = 10.0.40219.1
Project("{9A19103F-16F7-4668-BE54-9A1E7A4F7556}") = "Naukaa10(method)", "Nauka10\Naukaa10(method).csproj", "{DAA03050-6939-4933-AD8D-335ADC1B4F1B}"
EndProject
Project("{9A19103F-16F7-4668-BE54-9A1E7A4F7556}") = "Naukaa11(class)", "Naukaa11\Naukaa11(class).csproj", "{0692AD1E-1EBF-475C-872A-9FC4F17F2E9E}"
EndProject
Project("{9A19103F-16F7-4668-BE54-9A1E7A4F7556}") = "Naukaa12(constructor)", "Naukaa12\Naukaa12(constructor).csproj", "{D4DDA54D-510B-4D5A-BDA6-E9D5678B5836}"
EndProject
Project("{9A19103F-16F7-4668-BE54-9A1E7A4F7556}") = "Naukaa13(getSet)", "Naukaa13\Naukaa13(getSet).csproj", "{1B5702A7-C696-4FAB-B360-DC29FFE79950}"
EndProject
Project("{9A19103F-16F7-4668-BE54-9A1E7A4F7556}") = "Naukaa14(inheriting)", "Naukaa14\Naukaa14(inheriting).csproj", "{AE0CCF96-5031-4091-B9F8-4AA8D2B8DC70}"
EndProject
Project("{9A19103F-16F7-4668-BE54-9A1E7A4F7556}") = "Naukaa15(interface)", "Naukaa15\Naukaa15(interface).csproj", "{604CDA68-7E0E-42D5-ACF0-B966EF5C1F58}"
EndProject
Project("{9A19103F-16F7-4668-BE54-9A1E7A4F7556}") = "Naukaa16(list)", "Naukaa16\Naukaa16(list).csproj", "{8EE02F38-9B81-493F-8445-69CF9001CC8F}"
EndProject
Project("{9A19103F-16F7-4668-BE54-9A1E7A4F7556}") = "Naukaa17(queue)", "Naukaa17\Naukaa17(queue).csproj", "{551FF957-B9DF-4382-9771-3006DC6C4059}"
EndProject
Project("{9A19103F-16F7-4668-BE54-9A1E7A4F7556}") = "Nauka(loopIf)", "Nauka\Nauka(loopIf).csproj", "{FB62DC50-E0E0-4112-89FD-19294D1FD093}"
EndProject
Project("{9A19103F-16F7-4668-BE54-9A1E7A4F7556}") = "Nauka2(loopIf2)", "Nauka2\Nauka2(loopIf2).csproj", "{5F6E8202-24EA-4750-8E48-ECF15A46AC22}"
EndProject
Project("{9A19103F-16F7-4668-BE54-9A1E7A4F7556}") = "Nauka3(loopDoWhile)", "Nauka3\Nauka3(loopDoWhile).csproj", "{30E23D2C-2D27-4445-B02E-E0E52BFB7E3C}"
EndProject
Project("{9A19103F-16F7-4668-BE54-9A1E7A4F7556}") = "Nauka4(array)", "Nauka4\Nauka4(array).csproj", "{517F98ED-F37A-49B3-AB42-7A8D711B664C}"
EndProject
Project("{9A19103F-16F7-4668-BE54-9A1E7A4F7556}") = "Nauka5(table)", "Nauka5\Nauka5(table).csproj", "{A73E23BF-6D88-4E15-BC13-E2906966600C}"
EndProject
Project("{9A19103F-16F7-4668-BE54-9A1E7A4F7556}") = "Nauka6(foreach)", "Nauka6\Nauka6(foreach).csproj", "{37AFBFA0-C180-4C37-AD84-7AC59372E046}"
EndProject
Project("{9A19103F-16F7-4668-BE54-9A1E7A4F7556}") = "Nauka7(stringOperation)", "Nauka7\Nauka7(stringOperation).csproj", "{C357F28D-35C0-4B37-86AA-84175C97B703}"
EndProject
Project("{9A19103F-16F7-4668-BE54-9A1E7A4F7556}") = "Nauka8(catchFinally)", "Nauka8\Nauka8(catchFinally).csproj", "{390290E1-E6A5-4DAB-8C3D-BCFA1F48BCA9}"
EndProject
Project("{9A19103F-16F7-4668-BE54-9A1E7A4F7556}") = "Nauka9(factorial)", "Nauka9\Nauka9(factorial).csproj", "{7D2A6AED-9996-4194-A872-BF37C1892C86}"
EndProject
Project("{9A19103F-16F7-4668-BE54-9A1E7A4F7556}") = "Naukaa18(catGenerator)", "Naukaa18\Naukaa18(catGenerator).csproj", "{E07FB472-53B8-4715-B080-B7D9E33A57B5}"
EndProject
Project("{9A19103F-16F7-4668-BE54-9A1E7A4F7556}") = "Naukaa19(catGenerator2)", "Naukaa19\Naukaa19(catGenerator2).csproj", "{41B56156-050B-44BA-B332-4C407F8E8392}"
EndProject
Project("{9A19103F-16F7-4668-BE54-9A1E7A4F7556}") = "Naukaa20(unknown)", "Naukaa20\Naukaa20(unknown).csproj", "{24FB034C-F36E-453A-B016-0213B1AF2361}"
EndProject
Project("{9A19103F-16F7-4668-BE54-9A1E7A4F7556}") = "Naukaa21(builder)", "Naukaa21\Naukaa21(builder).csproj", "{7FE0F515-2FAB-41B4-AD6C-66E367BFB4F3}"
EndProject
Project("{9A19103F-16F7-4668-BE54-9A1E7A4F7556}") = "Naukaa22(basics)", "Naukaa22\Naukaa22(basics).csproj", "{0CC1D136-0373-4DB6-B98F-A5749D4F304D}"
EndProject
Project("{9A19103F-16F7-4668-BE54-9A1E7A4F7556}") = "Naukaa23(basics)", "Naukaa23\Naukaa23(basics).csproj", "{9D105B4A-232A-4CA9-B46F-89318BE3EE57}"
EndProject
Project("{9A19103F-16F7-4668-BE54-9A1E7A4F7556}") = "Naukaa24(easyBuilder)", "Naukaa24\Naukaa24(easyBuilder).csproj", "{1B236768-5845-4429-93C0-79D3EEE44B64}"
EndProject
Project("{9A19103F-16F7-4668-BE54-9A1E7A4F7556}") = "Naukaa25(prototype)", "Naukaa25\Naukaa25(prototype).csproj", "{05EA15A5-88C1-45BB-A694-7EEA5A574DA2}"
EndProject
Project("{9A19103F-16F7-4668-BE54-9A1E7A4F7556}") = "Naukaa26(abstract)", "Naukaa26\Naukaa26(abstract).csproj", "{4AE650C2-B5C4-49B1-A682-6F6D0505FD7C}"
EndProject
Project("{9A19103F-16F7-4668-BE54-9A1E7A4F7556}") = "Naukaa27(easyAbsFactory)", "Naukaa27\Naukaa27(easyAbsFactory).csproj", "{F43D98B7-DBDC-436E-8A48-0A2D106E5A3B}"
EndProject
Project("{9A19103F-16F7-4668-BE54-9A1E7A4F7556}") = "Naukaa28(absFactory)", "Naukaa28(absFabric)\Naukaa28(absFactory).csproj", "{42D66E01-94AA-4A05-86FA-5C457825F02E}"
EndProject
Project("{9A19103F-16F7-4668-BE54-9A1E7A4F7556}") = "Naukaa29(adapter)", "Naukaa29\Naukaa29(adapter).csproj", "{F3C0B276-0BA1-48B1-94D1-9BDB6E5C2F37}"
EndProject
Project("{FAE04EC0-301F-11D3-BF4B-00C04F79EFBC}") = "freeSheet", "freeSheet\freeSheet.csproj", "{950A735D-E539-4022-A2A4-F50E902FC46B}"
EndProject
Global
	GlobalSection(SolutionConfigurationPlatforms) = preSolution
		Debug|Any CPU = Debug|Any CPU
		Release|Any CPU = Release|Any CPU
	EndGlobalSection
	GlobalSection(ProjectConfigurationPlatforms) = postSolution
		{DAA03050-6939-4933-AD8D-335ADC1B4F1B}.Debug|Any CPU.ActiveCfg = Debug|Any CPU
		{DAA03050-6939-4933-AD8D-335ADC1B4F1B}.Debug|Any CPU.Build.0 = Debug|Any CPU
		{DAA03050-6939-4933-AD8D-335ADC1B4F1B}.Release|Any CPU.ActiveCfg = Release|Any CPU
		{DAA03050-6939-4933-AD8D-335ADC1B4F1B}.Release|Any CPU.Build.0 = Release|Any CPU
		{0692AD1E-1EBF-475C-872A-9FC4F17F2E9E}.Debug|Any CPU.ActiveCfg = Debug|Any CPU
		{0692AD1E-1EBF-475C-872A-9FC4F17F2E9E}.Debug|Any CPU.Build.0 = Debug|Any CPU
		{0692AD1E-1EBF-475C-872A-9FC4F17F2E9E}.Release|Any CPU.ActiveCfg = Release|Any CPU
		{0692AD1E-1EBF-475C-872A-9FC4F17F2E9E}.Release|Any CPU.Build.0 = Release|Any CPU
		{D4DDA54D-510B-4D5A-BDA6-E9D5678B5836}.Debug|Any CPU.ActiveCfg = Debug|Any CPU
		{D4DDA54D-510B-4D5A-BDA6-E9D5678B5836}.Debug|Any CPU.Build.0 = Debug|Any CPU
		{D4DDA54D-510B-4D5A-BDA6-E9D5678B5836}.Release|Any CPU.ActiveCfg = Release|Any CPU
		{D4DDA54D-510B-4D5A-BDA6-E9D5678B5836}.Release|Any CPU.Build.0 = Release|Any CPU
		{1B5702A7-C696-4FAB-B360-DC29FFE79950}.Debug|Any CPU.ActiveCfg = Debug|Any CPU
		{1B5702A7-C696-4FAB-B360-DC29FFE79950}.Debug|Any CPU.Build.0 = Debug|Any CPU
		{1B5702A7-C696-4FAB-B360-DC29FFE79950}.Release|Any CPU.ActiveCfg = Release|Any CPU
		{1B5702A7-C696-4FAB-B360-DC29FFE79950}.Release|Any CPU.Build.0 = Release|Any CPU
		{AE0CCF96-5031-4091-B9F8-4AA8D2B8DC70}.Debug|Any CPU.ActiveCfg = Debug|Any CPU
		{AE0CCF96-5031-4091-B9F8-4AA8D2B8DC70}.Debug|Any CPU.Build.0 = Debug|Any CPU
		{AE0CCF96-5031-4091-B9F8-4AA8D2B8DC70}.Release|Any CPU.ActiveCfg = Release|Any CPU
		{AE0CCF96-5031-4091-B9F8-4AA8D2B8DC70}.Release|Any CPU.Build.0 = Release|Any CPU
		{604CDA68-7E0E-42D5-ACF0-B966EF5C1F58}.Debug|Any CPU.ActiveCfg = Debug|Any CPU
		{604CDA68-7E0E-42D5-ACF0-B966EF5C1F58}.Debug|Any CPU.Build.0 = Debug|Any CPU
		{604CDA68-7E0E-42D5-ACF0-B966EF5C1F58}.Release|Any CPU.ActiveCfg = Release|Any CPU
		{604CDA68-7E0E-42D5-ACF0-B966EF5C1F58}.Release|Any CPU.Build.0 = Release|Any CPU
		{8EE02F38-9B81-493F-8445-69CF9001CC8F}.Debug|Any CPU.ActiveCfg = Debug|Any CPU
		{8EE02F38-9B81-493F-8445-69CF9001CC8F}.Debug|Any CPU.Build.0 = Debug|Any CPU
		{8EE02F38-9B81-493F-8445-69CF9001CC8F}.Release|Any CPU.ActiveCfg = Release|Any CPU
		{8EE02F38-9B81-493F-8445-69CF9001CC8F}.Release|Any CPU.Build.0 = Release|Any CPU
		{551FF957-B9DF-4382-9771-3006DC6C4059}.Debug|Any CPU.ActiveCfg = Debug|Any CPU
		{551FF957-B9DF-4382-9771-3006DC6C4059}.Debug|Any CPU.Build.0 = Debug|Any CPU
		{551FF957-B9DF-4382-9771-3006DC6C4059}.Release|Any CPU.ActiveCfg = Release|Any CPU
		{551FF957-B9DF-4382-9771-3006DC6C4059}.Release|Any CPU.Build.0 = Release|Any CPU
		{FB62DC50-E0E0-4112-89FD-19294D1FD093}.Debug|Any CPU.ActiveCfg = Debug|Any CPU
		{FB62DC50-E0E0-4112-89FD-19294D1FD093}.Debug|Any CPU.Build.0 = Debug|Any CPU
		{FB62DC50-E0E0-4112-89FD-19294D1FD093}.Release|Any CPU.ActiveCfg = Release|Any CPU
		{FB62DC50-E0E0-4112-89FD-19294D1FD093}.Release|Any CPU.Build.0 = Release|Any CPU
		{5F6E8202-24EA-4750-8E48-ECF15A46AC22}.Debug|Any CPU.ActiveCfg = Debug|Any CPU
		{5F6E8202-24EA-4750-8E48-ECF15A46AC22}.Debug|Any CPU.Build.0 = Debug|Any CPU
		{5F6E8202-24EA-4750-8E48-ECF15A46AC22}.Release|Any CPU.ActiveCfg = Release|Any CPU
		{5F6E8202-24EA-4750-8E48-ECF15A46AC22}.Release|Any CPU.Build.0 = Release|Any CPU
		{30E23D2C-2D27-4445-B02E-E0E52BFB7E3C}.Debug|Any CPU.ActiveCfg = Debug|Any CPU
		{30E23D2C-2D27-4445-B02E-E0E52BFB7E3C}.Debug|Any CPU.Build.0 = Debug|Any CPU
		{30E23D2C-2D27-4445-B02E-E0E52BFB7E3C}.Release|Any CPU.ActiveCfg = Release|Any CPU
		{30E23D2C-2D27-4445-B02E-E0E52BFB7E3C}.Release|Any CPU.Build.0 = Release|Any CPU
		{517F98ED-F37A-49B3-AB42-7A8D711B664C}.Debug|Any CPU.ActiveCfg = Debug|Any CPU
		{517F98ED-F37A-49B3-AB42-7A8D711B664C}.Debug|Any CPU.Build.0 = Debug|Any CPU
		{517F98ED-F37A-49B3-AB42-7A8D711B664C}.Release|Any CPU.ActiveCfg = Release|Any CPU
		{517F98ED-F37A-49B3-AB42-7A8D711B664C}.Release|Any CPU.Build.0 = Release|Any CPU
		{A73E23BF-6D88-4E15-BC13-E2906966600C}.Debug|Any CPU.ActiveCfg = Debug|Any CPU
		{A73E23BF-6D88-4E15-BC13-E2906966600C}.Debug|Any CPU.Build.0 = Debug|Any CPU
		{A73E23BF-6D88-4E15-BC13-E2906966600C}.Release|Any CPU.ActiveCfg = Release|Any CPU
		{A73E23BF-6D88-4E15-BC13-E2906966600C}.Release|Any CPU.Build.0 = Release|Any CPU
		{37AFBFA0-C180-4C37-AD84-7AC59372E046}.Debug|Any CPU.ActiveCfg = Debug|Any CPU
		{37AFBFA0-C180-4C37-AD84-7AC59372E046}.Debug|Any CPU.Build.0 = Debug|Any CPU
		{37AFBFA0-C180-4C37-AD84-7AC59372E046}.Release|Any CPU.ActiveCfg = Release|Any CPU
		{37AFBFA0-C180-4C37-AD84-7AC59372E046}.Release|Any CPU.Build.0 = Release|Any CPU
		{C357F28D-35C0-4B37-86AA-84175C97B703}.Debug|Any CPU.ActiveCfg = Debug|Any CPU
		{C357F28D-35C0-4B37-86AA-84175C97B703}.Debug|Any CPU.Build.0 = Debug|Any CPU
		{C357F28D-35C0-4B37-86AA-84175C97B703}.Release|Any CPU.ActiveCfg = Release|Any CPU
		{C357F28D-35C0-4B37-86AA-84175C97B703}.Release|Any CPU.Build.0 = Release|Any CPU
		{390290E1-E6A5-4DAB-8C3D-BCFA1F48BCA9}.Debug|Any CPU.ActiveCfg = Debug|Any CPU
		{390290E1-E6A5-4DAB-8C3D-BCFA1F48BCA9}.Debug|Any CPU.Build.0 = Debug|Any CPU
		{390290E1-E6A5-4DAB-8C3D-BCFA1F48BCA9}.Release|Any CPU.ActiveCfg = Release|Any CPU
		{390290E1-E6A5-4DAB-8C3D-BCFA1F48BCA9}.Release|Any CPU.Build.0 = Release|Any CPU
		{7D2A6AED-9996-4194-A872-BF37C1892C86}.Debug|Any CPU.ActiveCfg = Debug|Any CPU
		{7D2A6AED-9996-4194-A872-BF37C1892C86}.Debug|Any CPU.Build.0 = Debug|Any CPU
		{7D2A6AED-9996-4194-A872-BF37C1892C86}.Release|Any CPU.ActiveCfg = Release|Any CPU
		{7D2A6AED-9996-4194-A872-BF37C1892C86}.Release|Any CPU.Build.0 = Release|Any CPU
		{E07FB472-53B8-4715-B080-B7D9E33A57B5}.Debug|Any CPU.ActiveCfg = Debug|Any CPU
		{E07FB472-53B8-4715-B080-B7D9E33A57B5}.Debug|Any CPU.Build.0 = Debug|Any CPU
		{E07FB472-53B8-4715-B080-B7D9E33A57B5}.Release|Any CPU.ActiveCfg = Release|Any CPU
		{E07FB472-53B8-4715-B080-B7D9E33A57B5}.Release|Any CPU.Build.0 = Release|Any CPU
		{41B56156-050B-44BA-B332-4C407F8E8392}.Debug|Any CPU.ActiveCfg = Debug|Any CPU
		{41B56156-050B-44BA-B332-4C407F8E8392}.Debug|Any CPU.Build.0 = Debug|Any CPU
		{41B56156-050B-44BA-B332-4C407F8E8392}.Release|Any CPU.ActiveCfg = Release|Any CPU
		{41B56156-050B-44BA-B332-4C407F8E8392}.Release|Any CPU.Build.0 = Release|Any CPU
		{24FB034C-F36E-453A-B016-0213B1AF2361}.Debug|Any CPU.ActiveCfg = Debug|Any CPU
		{24FB034C-F36E-453A-B016-0213B1AF2361}.Debug|Any CPU.Build.0 = Debug|Any CPU
		{24FB034C-F36E-453A-B016-0213B1AF2361}.Release|Any CPU.ActiveCfg = Release|Any CPU
		{24FB034C-F36E-453A-B016-0213B1AF2361}.Release|Any CPU.Build.0 = Release|Any CPU
		{7FE0F515-2FAB-41B4-AD6C-66E367BFB4F3}.Debug|Any CPU.ActiveCfg = Debug|Any CPU
		{7FE0F515-2FAB-41B4-AD6C-66E367BFB4F3}.Debug|Any CPU.Build.0 = Debug|Any CPU
		{7FE0F515-2FAB-41B4-AD6C-66E367BFB4F3}.Release|Any CPU.ActiveCfg = Release|Any CPU
		{7FE0F515-2FAB-41B4-AD6C-66E367BFB4F3}.Release|Any CPU.Build.0 = Release|Any CPU
		{0CC1D136-0373-4DB6-B98F-A5749D4F304D}.Debug|Any CPU.ActiveCfg = Debug|Any CPU
		{0CC1D136-0373-4DB6-B98F-A5749D4F304D}.Debug|Any CPU.Build.0 = Debug|Any CPU
		{0CC1D136-0373-4DB6-B98F-A5749D4F304D}.Release|Any CPU.ActiveCfg = Release|Any CPU
		{0CC1D136-0373-4DB6-B98F-A5749D4F304D}.Release|Any CPU.Build.0 = Release|Any CPU
		{9D105B4A-232A-4CA9-B46F-89318BE3EE57}.Debug|Any CPU.ActiveCfg = Debug|Any CPU
		{9D105B4A-232A-4CA9-B46F-89318BE3EE57}.Debug|Any CPU.Build.0 = Debug|Any CPU
		{9D105B4A-232A-4CA9-B46F-89318BE3EE57}.Release|Any CPU.ActiveCfg = Release|Any CPU
		{9D105B4A-232A-4CA9-B46F-89318BE3EE57}.Release|Any CPU.Build.0 = Release|Any CPU
		{1B236768-5845-4429-93C0-79D3EEE44B64}.Debug|Any CPU.ActiveCfg = Debug|Any CPU
		{1B236768-5845-4429-93C0-79D3EEE44B64}.Debug|Any CPU.Build.0 = Debug|Any CPU
		{1B236768-5845-4429-93C0-79D3EEE44B64}.Release|Any CPU.ActiveCfg = Release|Any CPU
		{1B236768-5845-4429-93C0-79D3EEE44B64}.Release|Any CPU.Build.0 = Release|Any CPU
		{05EA15A5-88C1-45BB-A694-7EEA5A574DA2}.Debug|Any CPU.ActiveCfg = Debug|Any CPU
		{05EA15A5-88C1-45BB-A694-7EEA5A574DA2}.Debug|Any CPU.Build.0 = Debug|Any CPU
		{05EA15A5-88C1-45BB-A694-7EEA5A574DA2}.Release|Any CPU.ActiveCfg = Release|Any CPU
		{05EA15A5-88C1-45BB-A694-7EEA5A574DA2}.Release|Any CPU.Build.0 = Release|Any CPU
		{4AE650C2-B5C4-49B1-A682-6F6D0505FD7C}.Debug|Any CPU.ActiveCfg = Debug|Any CPU
		{4AE650C2-B5C4-49B1-A682-6F6D0505FD7C}.Debug|Any CPU.Build.0 = Debug|Any CPU
		{4AE650C2-B5C4-49B1-A682-6F6D0505FD7C}.Release|Any CPU.ActiveCfg = Release|Any CPU
		{4AE650C2-B5C4-49B1-A682-6F6D0505FD7C}.Release|Any CPU.Build.0 = Release|Any CPU
		{F43D98B7-DBDC-436E-8A48-0A2D106E5A3B}.Debug|Any CPU.ActiveCfg = Debug|Any CPU
		{F43D98B7-DBDC-436E-8A48-0A2D106E5A3B}.Debug|Any CPU.Build.0 = Debug|Any CPU
		{F43D98B7-DBDC-436E-8A48-0A2D106E5A3B}.Release|Any CPU.ActiveCfg = Release|Any CPU
		{F43D98B7-DBDC-436E-8A48-0A2D106E5A3B}.Release|Any CPU.Build.0 = Release|Any CPU
		{42D66E01-94AA-4A05-86FA-5C457825F02E}.Debug|Any CPU.ActiveCfg = Debug|Any CPU
		{42D66E01-94AA-4A05-86FA-5C457825F02E}.Debug|Any CPU.Build.0 = Debug|Any CPU
		{42D66E01-94AA-4A05-86FA-5C457825F02E}.Release|Any CPU.ActiveCfg = Release|Any CPU
		{42D66E01-94AA-4A05-86FA-5C457825F02E}.Release|Any CPU.Build.0 = Release|Any CPU
		{F3C0B276-0BA1-48B1-94D1-9BDB6E5C2F37}.Debug|Any CPU.ActiveCfg = Debug|Any CPU
		{F3C0B276-0BA1-48B1-94D1-9BDB6E5C2F37}.Debug|Any CPU.Build.0 = Debug|Any CPU
		{F3C0B276-0BA1-48B1-94D1-9BDB6E5C2F37}.Release|Any CPU.ActiveCfg = Release|Any CPU
		{F3C0B276-0BA1-48B1-94D1-9BDB6E5C2F37}.Release|Any CPU.Build.0 = Release|Any CPU
		{950A735D-E539-4022-A2A4-F50E902FC46B}.Debug|Any CPU.ActiveCfg = Debug|Any CPU
		{950A735D-E539-4022-A2A4-F50E902FC46B}.Debug|Any CPU.Build.0 = Debug|Any CPU
		{950A735D-E539-4022-A2A4-F50E902FC46B}.Release|Any CPU.ActiveCfg = Release|Any CPU
		{950A735D-E539-4022-A2A4-F50E902FC46B}.Release|Any CPU.Build.0 = Release|Any CPU
	EndGlobalSection
	GlobalSection(SolutionProperties) = preSolution
		HideSolutionNode = FALSE
	EndGlobalSection
	GlobalSection(ExtensibilityGlobals) = postSolution
		SolutionGuid = {6E56A3EE-5946-4936-BED0-B6D9D93DDD24}
	EndGlobalSection
EndGlobal
