
Microsoft Visual Studio Solution File, Format Version 12.00
# Visual Studio Version 17
VisualStudioVersion = 17.0.32002.185
MinimumVisualStudioVersion = 10.0.40219.1
Project("{9A19103F-16F7-4668-BE54-9A1E7A4F7556}") = "Naukaa11(class)", "Naukaa11\Naukaa11(class).csproj", "{0692AD1E-1EBF-475C-872A-9FC4F17F2E9E}"
EndProject
Project("{9A19103F-16F7-4668-BE54-9A1E7A4F7556}") = "Naukaa12(constructor)", "Naukaa12\Naukaa12(constructor).csproj", "{D4DDA54D-510B-4D5A-BDA6-E9D5678B5836}"
EndProject
Project("{9A19103F-16F7-4668-BE54-9A1E7A4F7556}") = "Naukaa13(getSet)", "Naukaa13\Naukaa13(getSet).csproj", "{1B5702A7-C696-4FAB-B360-DC29FFE79950}"
EndProject
Project("{9A19103F-16F7-4668-BE54-9A1E7A4F7556}") = "Naukaa14(inheriting)", "Naukaa14\Naukaa14(inheriting).csproj", "{AE0CCF96-5031-4091-B9F8-4AA8D2B8DC70}"
EndProject
Project("{9A19103F-16F7-4668-BE54-9A1E7A4F7556}") = "Naukaa15(interface)", "Naukaa15\Naukaa15(interface).csproj", "{604CDA68-7E0E-42D5-ACF0-B966EF5C1F58}"
EndProject
Project("{9A19103F-16F7-4668-BE54-9A1E7A4F7556}") = "Naukaa16(list)", "Naukaa16\Naukaa16(list).csproj", "{8EE02F38-9B81-493F-8445-69CF9001CC8F}"
EndProject
Project("{9A19103F-16F7-4668-BE54-9A1E7A4F7556}") = "Naukaa17(queue)", "Naukaa17\Naukaa17(queue).csproj", "{551FF957-B9DF-4382-9771-3006DC6C4059}"
EndProject
Project("{9A19103F-16F7-4668-BE54-9A1E7A4F7556}") = "Nauka(loopIf)", "Nauka\Nauka(loopIf).csproj", "{FB62DC50-E0E0-4112-89FD-19294D1FD093}"
EndProject
Project("{9A19103F-16F7-4668-BE54-9A1E7A4F7556}") = "Nauka2(loopIf2)", "Nauka2\Nauka2(loopIf2).csproj", "{5F6E8202-24EA-4750-8E48-ECF15A46AC22}"
EndProject
Project("{9A19103F-16F7-4668-BE54-9A1E7A4F7556}") = "Nauka3(loopDoWhile)", "Nauka3\Nauka3(loopDoWhile).csproj", "{30E23D2C-2D27-4445-B02E-E0E52BFB7E3C}"
EndProject
Project("{9A19103F-16F7-4668-BE54-9A1E7A4F7556}") = "Nauka4(array)", "Nauka4\Nauka4(array).csproj", "{517F98ED-F37A-49B3-AB42-7A8D711B664C}"
EndProject
Project("{9A19103F-16F7-4668-BE54-9A1E7A4F7556}") = "Nauka5(table)", "Nauka5\Nauka5(table).csproj", "{A73E23BF-6D88-4E15-BC13-E2906966600C}"
EndProject
Project("{9A19103F-16F7-4668-BE54-9A1E7A4F7556}") = "Nauka6(foreach)", "Nauka6\Nauka6(foreach).csproj", "{37AFBFA0-C180-4C37-AD84-7AC59372E046}"
EndProject
Project("{9A19103F-16F7-4668-BE54-9A1E7A4F7556}") = "Nauka7(stringOperation)", "Nauka7\Nauka7(stringOperation).csproj", "{C357F28D-35C0-4B37-86AA-84175C97B703}"
EndProject
Project("{9A19103F-16F7-4668-BE54-9A1E7A4F7556}") = "Nauka8(catchFinally)", "Nauka8\Nauka8(catchFinally).csproj", "{390290E1-E6A5-4DAB-8C3D-BCFA1F48BCA9}"
EndProject
Project("{9A19103F-16F7-4668-BE54-9A1E7A4F7556}") = "Nauka9(factorial)", "Nauka9\Nauka9(factorial).csproj", "{7D2A6AED-9996-4194-A872-BF37C1892C86}"
EndProject
Project("{9A19103F-16F7-4668-BE54-9A1E7A4F7556}") = "Naukaa18(catGenerator)", "Naukaa18\Naukaa18(catGenerator).csproj", "{E07FB472-53B8-4715-B080-B7D9E33A57B5}"
EndProject
Project("{9A19103F-16F7-4668-BE54-9A1E7A4F7556}") = "Naukaa19(catGenerator2)", "Naukaa19\Naukaa19(catGenerator2).csproj", "{41B56156-050B-44BA-B332-4C407F8E8392}"
EndProject
Project("{9A19103F-16F7-4668-BE54-9A1E7A4F7556}") = "Naukaa20(unknown)", "Naukaa20\Naukaa20(unknown).csproj", "{24FB034C-F36E-453A-B016-0213B1AF2361}"
EndProject
Project("{9A19103F-16F7-4668-BE54-9A1E7A4F7556}") = "Naukaa21(builder)", "Naukaa21\Naukaa21(builder).csproj", "{7FE0F515-2FAB-41B4-AD6C-66E367BFB4F3}"
EndProject
Project("{9A19103F-16F7-4668-BE54-9A1E7A4F7556}") = "Naukaa22(basics)", "Naukaa22\Naukaa22(basics).csproj", "{0CC1D136-0373-4DB6-B98F-A5749D4F304D}"
EndProject
Project("{9A19103F-16F7-4668-BE54-9A1E7A4F7556}") = "Naukaa23(basics)", "Naukaa23\Naukaa23(basics).csproj", "{9D105B4A-232A-4CA9-B46F-89318BE3EE57}"
EndProject
Project("{9A19103F-16F7-4668-BE54-9A1E7A4F7556}") = "Naukaa24(easyBuilder)", "Naukaa24\Naukaa24(easyBuilder).csproj", "{1B236768-5845-4429-93C0-79D3EEE44B64}"
EndProject
Project("{9A19103F-16F7-4668-BE54-9A1E7A4F7556}") = "Naukaa25(prototype)", "Naukaa25\Naukaa25(prototype).csproj", "{05EA15A5-88C1-45BB-A694-7EEA5A574DA2}"
EndProject
Project("{9A19103F-16F7-4668-BE54-9A1E7A4F7556}") = "Naukaa26(abstract)", "Naukaa26\Naukaa26(abstract).csproj", "{4AE650C2-B5C4-49B1-A682-6F6D0505FD7C}"
EndProject
Project("{9A19103F-16F7-4668-BE54-9A1E7A4F7556}") = "Naukaa27(easyAbsFactory)", "Naukaa27\Naukaa27(easyAbsFactory).csproj", "{F43D98B7-DBDC-436E-8A48-0A2D106E5A3B}"
EndProject
Project("{9A19103F-16F7-4668-BE54-9A1E7A4F7556}") = "Naukaa28(absFactory)", "Naukaa28(absFabric)\Naukaa28(absFactory).csproj", "{42D66E01-94AA-4A05-86FA-5C457825F02E}"
EndProject
Project("{9A19103F-16F7-4668-BE54-9A1E7A4F7556}") = "Naukaa29(adapter)", "Naukaa29\Naukaa29(adapter).csproj", "{F3C0B276-0BA1-48B1-94D1-9BDB6E5C2F37}"
EndProject
Project("{9A19103F-16F7-4668-BE54-9A1E7A4F7556}") = "FreeSheet", "freeSheet\FreeSheet.csproj", "{950A735D-E539-4022-A2A4-F50E902FC46B}"
EndProject
Project("{2150E333-8FDC-42A3-9474-1A3956D46DE8}") = "Solution Items", "Solution Items", "{B0EF6F4D-0617-4630-9755-51A8A28D561E}"
	ProjectSection(SolutionItems) = preProject
		.editorconfig = .editorconfig
		git.txt = git.txt
		notes.txt = notes.txt
	EndProjectSection
EndProject
Project("{9A19103F-16F7-4668-BE54-9A1E7A4F7556}") = "Naukaa30(creatingObject)", "Naukaa30(creatingObject)\Naukaa30(creatingObject).csproj", "{F9E29DA4-8B2D-4419-A1C1-80B741D15523}"
EndProject
Project("{9A19103F-16F7-4668-BE54-9A1E7A4F7556}") = "Naukaa31(this)", "Naukaa31\Naukaa31(this).csproj", "{B1BC0B46-A7FD-4299-B510-96D943A0AD84}"
EndProject
Project("{9A19103F-16F7-4668-BE54-9A1E7A4F7556}") = "Naukaa32(guessingGame)", "Naukaa32(guessingGame)\Naukaa32(guessingGame).csproj", "{F7163D01-359F-4372-AA26-B778493A2368}"
EndProject
Project("{9A19103F-16F7-4668-BE54-9A1E7A4F7556}") = "Naukaa33(prototype2)", "Naukaa34(prototype)\Naukaa33(prototype2).csproj", "{898A7312-9EC9-46E5-B711-7422254846C5}"
EndProject
Project("{9A19103F-16F7-4668-BE54-9A1E7A4F7556}") = "Naukaa34(decorator)", "Naukaa33(decorator)\Naukaa34(decorator).csproj", "{D3768551-0362-4D70-AA90-B366C6CF3A57}"
EndProject
Project("{9A19103F-16F7-4668-BE54-9A1E7A4F7556}") = "Naukaa35(facade)", "Naukaa35(fasada)\Naukaa35(facade).csproj", "{A9A8F5F5-94C1-4817-92BE-3BFD65A61AB1}"
EndProject
Project("{9A19103F-16F7-4668-BE54-9A1E7A4F7556}") = "Naukaa36(bridge)", "Naukaa36(bridge)\Naukaa36(bridge).csproj", "{A7D34C78-B94C-405B-ABE7-17B784DC594F}"
EndProject
Project("{9A19103F-16F7-4668-BE54-9A1E7A4F7556}") = "Naukaa37(getSet2)", "Naukaa36(getSet)\Naukaa37(getSet2).csproj", "{562592BE-D562-4DFD-B092-67741A079B1C}"
EndProject
Project("{9A19103F-16F7-4668-BE54-9A1E7A4F7556}") = "Naukaa38(static)", "Naukaa38(static)\Naukaa38(static).csproj", "{A6ABF252-0309-4DAB-9556-F124728D4A2C}"
EndProject
Project("{9A19103F-16F7-4668-BE54-9A1E7A4F7556}") = "Naukaa39(virtual)", "Naukaa39(virtual)\Naukaa39(virtual).csproj", "{B275532E-1AC6-4047-B55E-EFBEBAF3AE4D}"
EndProject
Project("{9A19103F-16F7-4668-BE54-9A1E7A4F7556}") = "Naukaa40(switch)", "Naukaa40(switch)\Naukaa40(switch).csproj", "{0F8FD806-B3E7-4CF9-B416-E2BC3D902C8D}"
EndProject
Project("{9A19103F-16F7-4668-BE54-9A1E7A4F7556}") = "Naukaa41(genericsT)", "Naukaa41(genericsT)\Naukaa41(genericsT).csproj", "{E84AFD51-AA8C-4C5B-85BF-587C7D9DFC57}"
EndProject
Project("{9A19103F-16F7-4668-BE54-9A1E7A4F7556}") = "Naukaa42(proxy)", "Naukaa42(proxy)\Naukaa42(proxy).csproj", "{518FA49E-E40A-4681-84FC-C53E39CA7561}"
EndProject
Project("{9A19103F-16F7-4668-BE54-9A1E7A4F7556}") = "Naukaa43(composite)", "Naukaa43(composite)\Naukaa43(composite).csproj", "{307A3D72-02AA-415D-BC10-E528ACFBBC2B}"
EndProject
Project("{9A19103F-16F7-4668-BE54-9A1E7A4F7556}") = "Naukaa44(chain)", "Naukaa43(shackle)\Naukaa44(chain).csproj", "{A6F65DDA-C801-4130-9A01-621ECE521A91}"
EndProject
Project("{9A19103F-16F7-4668-BE54-9A1E7A4F7556}") = "Naukaa45(souvenir)", "Naukaa45(souvenir)\Naukaa45(souvenir).csproj", "{B715E804-B44C-4882-99F6-1C31988C07B5}"
EndProject
Project("{9A19103F-16F7-4668-BE54-9A1E7A4F7556}") = "Naukaa46(observer)", "Naukaa46(Observer)\Naukaa46(observer).csproj", "{8BB6C2F2-3C78-4E5D-BA28-BFB4140B52AB}"
EndProject
Project("{9A19103F-16F7-4668-BE54-9A1E7A4F7556}") = "Naukaa47(enum)", "Naukaa47(enum)\Naukaa47(enum).csproj", "{9DFFD49B-34F8-468A-A6D3-ECEBB3ACAEC7}"
EndProject
Project("{9A19103F-16F7-4668-BE54-9A1E7A4F7556}") = "Naukaa48(protected)", "Naukaa48(protected)\Naukaa48(protected).csproj", "{AC71CDC2-AAE0-445F-B4D8-CB1C89E235FC}"
EndProject
Project("{9A19103F-16F7-4668-BE54-9A1E7A4F7556}") = "Naukaa49(interface2)", "Naukaa49(interface2)\Naukaa49(interface2).csproj", "{87E72FEE-8668-47AC-B8F0-F097CBACEFC0}"
EndProject
Project("{9A19103F-16F7-4668-BE54-9A1E7A4F7556}") = "Naukaa50(internal)", "Naukaa50(internal)\Naukaa50(internal).csproj", "{B2107374-B21E-4C89-9191-C00D635AA72C}"
EndProject
Project("{9A19103F-16F7-4668-BE54-9A1E7A4F7556}") = "Naukaa51(base)", "Naukaa51(base)\Naukaa51(base).csproj", "{06B0B399-2D03-4482-A9C7-D8A579CBE4B1}"
EndProject
Project("{9A19103F-16F7-4668-BE54-9A1E7A4F7556}") = "Naukaa52(delegate)", "Naukaa52(delegate)\Naukaa52(delegate).csproj", "{A06A7929-B281-4E49-BCF9-ADFF93C9DD58}"
EndProject
Project("{9A19103F-16F7-4668-BE54-9A1E7A4F7556}") = "Naukaa53(delegate2)", "Naukaa53(delegate2)\Naukaa53(delegate2).csproj", "{346895FC-6029-4717-B30A-4EAC6BADDD5D}"
EndProject
Project("{9A19103F-16F7-4668-BE54-9A1E7A4F7556}") = "Naukaa54(delegate3)", "Naukaa54(delegate3)\Naukaa54(delegate3).csproj", "{08EBAF6B-DF12-4337-BB23-8335852E10F4}"
EndProject
Project("{9A19103F-16F7-4668-BE54-9A1E7A4F7556}") = "Naukaa55(lambda)", "Naukaa55(lambda)\Naukaa55(lambda).csproj", "{1EE53BEF-33D3-4DCB-ABA2-1C9D5401AB9B}"
EndProject
Project("{9A19103F-16F7-4668-BE54-9A1E7A4F7556}") = "Naukaa56(partial)", "Naukaa56(partial)\Naukaa56(partial).csproj", "{CB8379DE-EAE1-4C8B-97D6-4036F2F8DE55}"
EndProject
Project("{9A19103F-16F7-4668-BE54-9A1E7A4F7556}") = "Naukaa57(abstract2)", "Naukaa57(abstract2)\Naukaa57(abstract2).csproj", "{934BD0F5-A1D4-478E-A399-A6590D9D38F8}"
EndProject
Project("{9A19103F-16F7-4668-BE54-9A1E7A4F7556}") = "Naukaa58(inOutRef)", "Naukaa58(outRef)\Naukaa58(inOutRef).csproj", "{35D57506-C0AB-45BB-8D7C-902E4058A905}"
EndProject
Project("{9A19103F-16F7-4668-BE54-9A1E7A4F7556}") = "Naukaa59(anonymous)", "Naukaa59(anonymous)\Naukaa59(anonymous).csproj", "{34131DB5-0467-4DA0-AD75-A639877BFD77}"
EndProject
Project("{9A19103F-16F7-4668-BE54-9A1E7A4F7556}") = "Naukaa60(stan)", "Naukaa60(stan)\Naukaa60(stan).csproj", "{505DD6A1-07D9-4656-8F95-FCC829B3FB50}"
EndProject
Project("{9A19103F-16F7-4668-BE54-9A1E7A4F7556}") = "Naukaa61(command)", "Naukaa61(command)\Naukaa61(command).csproj", "{9EE07FE0-68AF-437B-BD5A-21BDA43846B5}"
EndProject
Project("{9A19103F-16F7-4668-BE54-9A1E7A4F7556}") = "Naukaa62(mediator)", "Naukaa62(mediator)\Naukaa62(mediator).csproj", "{2D6138A7-D099-4DDA-8A87-512536AF4BC8}"
EndProject
Project("{9A19103F-16F7-4668-BE54-9A1E7A4F7556}") = "Naukaa63(strategy)", "Naukaa63(strategy)\Naukaa63(strategy).csproj", "{FCDE7177-AABB-4769-81C3-16AB0429E466}"
EndProject
Project("{9A19103F-16F7-4668-BE54-9A1E7A4F7556}") = "Naukaa64(visitor)", "Naukaa64(visitor)\Naukaa64(visitor).csproj", "{324CA935-C712-439D-A563-C28C05E2C0D0}"
EndProject
Project("{9A19103F-16F7-4668-BE54-9A1E7A4F7556}") = "FreeSheet2", "FreeSheet2\FreeSheet2.csproj", "{852F72E0-6D5A-497F-B375-5B43245BBE3A}"
EndProject
Project("{9A19103F-16F7-4668-BE54-9A1E7A4F7556}") = "Naukaa10(method)", "Naukaa10\Naukaa10(method).csproj", "{C5CD177D-FF6A-433B-9AFA-2412C9111ECF}"
EndProject
Project("{9A19103F-16F7-4668-BE54-9A1E7A4F7556}") = "FreeSheet3", "FreeSheet3\FreeSheet3.csproj", "{513FAE37-668A-4E90-A6A4-3A96C51B605B}"
EndProject
Project("{9A19103F-16F7-4668-BE54-9A1E7A4F7556}") = "Naukaa65(fieldVsProperty)", "Naukaa65(fieldVsProperty)\Naukaa65(fieldVsProperty).csproj", "{CBE2318C-79ED-425E-B8CB-0191B18A5B6A}"
EndProject
Project("{9A19103F-16F7-4668-BE54-9A1E7A4F7556}") = "Naukaa66(readonly)", "Naukaa66(readonly)\Naukaa66(readonly).csproj", "{644DE579-5DC5-4203-9C84-BE57DF749F20}"
EndProject
Project("{9A19103F-16F7-4668-BE54-9A1E7A4F7556}") = "Naukaa67(objectVarDynamic)", "Naukaa67(objectVsVar)\Naukaa67(objectVarDynamic).csproj", "{EFFACAC0-8570-4AF9-93A3-BA55A84E381E}"
EndProject
Project("{9A19103F-16F7-4668-BE54-9A1E7A4F7556}") = "Naukaa68(yield)", "Naukaa68(yield)\Naukaa68(yield).csproj", "{69B8AAC2-2C88-4F0B-9AE3-6F901FA776CA}"
EndProject
Project("{9A19103F-16F7-4668-BE54-9A1E7A4F7556}") = "Naukaa69(params)", "Naukaa69(params)\Naukaa69(params).csproj", "{AA84C537-615A-45DA-9BA5-36FCEE3255C9}"
EndProject
Project("{9A19103F-16F7-4668-BE54-9A1E7A4F7556}") = "Naukaa70(indexer)", "Naukaa70(indexer)\Naukaa70(indexer).csproj", "{8B22AF9A-ED55-412E-BE35-48A2A14A75A7}"
EndProject
Project("{9A19103F-16F7-4668-BE54-9A1E7A4F7556}") = "FreeSheet4", "FreeSheet4\FreeSheet4.csproj", "{CBE7713A-262D-4462-994A-CB2FB38305AE}"
EndProject
Project("{9A19103F-16F7-4668-BE54-9A1E7A4F7556}") = "Naukaa71(genericVsNon)", "Naukaa71(genericVsNon)\Naukaa71(genericVsNon).csproj", "{7CCC1620-A155-42E2-B448-879A92356CE6}"
EndProject
Project("{9A19103F-16F7-4668-BE54-9A1E7A4F7556}") = "Naukaa72(IEnumerable)", "Naukaa72(IEnumerable)\Naukaa72(IEnumerable).csproj", "{B44CC5A1-56DC-4F63-AF17-D3BDD64EB122}"
EndProject
Project("{9A19103F-16F7-4668-BE54-9A1E7A4F7556}") = "Naukaa73(IQueryable)", "Naukaa73(IQueryable)\Naukaa73(IQueryable).csproj", "{28289EE2-5C87-49ED-B039-EDF303D4AA80}"
EndProject
Project("{9A19103F-16F7-4668-BE54-9A1E7A4F7556}") = "Naukaa74(linq)", "Naukaa74(LINQ)\Naukaa74(linq).csproj", "{A1324394-DCE5-44AC-A45D-E727EE2AD59F}"
EndProject
Project("{9A19103F-16F7-4668-BE54-9A1E7A4F7556}") = "Naukaa75(Event)", "Naukaa75(Event)\Naukaa75(Event).csproj", "{2F5E5C34-0817-424D-8590-115BF0E31AA7}"
EndProject
Project("{9A19103F-16F7-4668-BE54-9A1E7A4F7556}") = "Naukaa76(implementingInterface)", "Naukaa76(implementingInterface)\Naukaa76(implementingInterface).csproj", "{1220648B-4546-4B24-8872-4D26B858D168}"
EndProject
Project("{9A19103F-16F7-4668-BE54-9A1E7A4F7556}") = "Naukaa77(funcAction)", "Naukaa77(func)\Naukaa77(funcAction).csproj", "{EEA1E09B-9596-4A06-A65C-3DE09127566C}"
EndProject
Project("{9A19103F-16F7-4668-BE54-9A1E7A4F7556}") = "Naukaa78(json)", "Naukaa78(json)\Naukaa78(json).csproj", "{01597C20-C0D2-434F-AD29-25A9258911B4}"
EndProject
Project("{9A19103F-16F7-4668-BE54-9A1E7A4F7556}") = "Naukaa79(files)", "Naukaa79(files)\Naukaa79(files).csproj", "{C39D0EA9-DACF-4910-83EE-8D71AE635D85}"
EndProject
Project("{9A19103F-16F7-4668-BE54-9A1E7A4F7556}") = "Naukaa80(xml)", "Naukaa80(xml)\Naukaa80(xml).csproj", "{F91B05F0-0C74-448E-A0F4-D250BC824F1B}"
EndProject
Project("{9A19103F-16F7-4668-BE54-9A1E7A4F7556}") = "Naukaa81(IDisposable)", "Naukaa81(IDisposable)\Naukaa81(IDisposable).csproj", "{46777CB9-8D28-4500-BCF7-04371062FBDF}"
EndProject
Project("{9A19103F-16F7-4668-BE54-9A1E7A4F7556}") = "Naukaa82(record)", "Naukaa82(record)\Naukaa82(record).csproj", "{2803BE58-7179-4E5B-98F9-AA2E7D5D56E2}"
EndProject
Project("{9A19103F-16F7-4668-BE54-9A1E7A4F7556}") = "Naukaa83(anonymousType)", "Naukaa83(anonymousType)\Naukaa83(anonymousType).csproj", "{E8D7AA98-EB6E-4D5E-AFFF-50103AFB18A8}"
EndProject
Project("{9A19103F-16F7-4668-BE54-9A1E7A4F7556}") = "Naukaa84(init)", "Naukaa84(init)\Naukaa84(init).csproj", "{24CFF4D7-1ACB-4A87-B9BC-40753510685A}"
EndProject
Project("{9A19103F-16F7-4668-BE54-9A1E7A4F7556}") = "Naukaa85(nullable)", "Naukaa85(nullable)\Naukaa85(nullable).csproj", "{F8FC5378-0DBC-4AE6-B049-43B992928F8D}"
EndProject
Project("{9A19103F-16F7-4668-BE54-9A1E7A4F7556}") = "Naukaa86(thread)", "Naukaa86(thread)\Naukaa86(thread).csproj", "{083CF813-CCCB-4249-B1FC-74C521C15C8C}"
EndProject
Project("{9A19103F-16F7-4668-BE54-9A1E7A4F7556}") = "Naukaa87(interfaceImpExp)", "Naukaa87(interfaceImpExp)\Naukaa87(interfaceImpExp).csproj", "{AEC94B53-4297-4973-B5A4-8630BC985831}"
EndProject
Project("{9A19103F-16F7-4668-BE54-9A1E7A4F7556}") = "Naukaa88(struct)", "Naukaa88(struct)\Naukaa88(struct).csproj", "{194ED997-9009-4017-9324-E8FA8D2CCCCE}"
EndProject
Project("{9A19103F-16F7-4668-BE54-9A1E7A4F7556}") = "Naukaa89(dictionary)", "Naukaa89(dictionary)\Naukaa89(dictionary).csproj", "{96FC5EFC-1C5B-4B2F-B1A2-0D3F9E14B786}"
EndProject
Project("{9A19103F-16F7-4668-BE54-9A1E7A4F7556}") = "Naukaa90(anonymous2)", "Naukaa90(anonymous2)\Naukaa90(anonymous2).csproj", "{BC6CE720-872B-4140-84FD-134F173F741E}"
EndProject
Project("{9A19103F-16F7-4668-BE54-9A1E7A4F7556}") = "Naukaa93(reflection)", "Naukaa93(reflection)\Naukaa93(reflection).csproj", "{1EB034B0-9E0B-427F-8AE7-C83FC4595DD2}"
EndProject
Project("{9A19103F-16F7-4668-BE54-9A1E7A4F7556}") = "Naukaa92(overloadingOperators)", "Naukaa92(overloadingOperators)\Naukaa92(overloadingOperators).csproj", "{A1B1ECA5-05D8-47F6-A6B1-733592BBB8EF}"
EndProject
Project("{9A19103F-16F7-4668-BE54-9A1E7A4F7556}") = "Naukaa91(extensionMethod)", "Naukaa91\Naukaa91(extensionMethod).csproj", "{BAFA8C81-402C-4265-BD50-386062E89DE6}"
EndProject
Project("{9A19103F-16F7-4668-BE54-9A1E7A4F7556}") = "Naukaa95(equalsSealed)", "Naukaa95(equals)\Naukaa95(equalsSealed).csproj", "{E4BE5E0E-E1AE-4CDF-9669-9D2FD4251E99}"
EndProject
Project("{9A19103F-16F7-4668-BE54-9A1E7A4F7556}") = "Naukaa96(params)", "Naukaa96(params)\Naukaa96(params).csproj", "{A26673C5-09C8-41BB-B10F-155A47BE8BB2}"
EndProject
Project("{9A19103F-16F7-4668-BE54-9A1E7A4F7556}") = "Naukaa97(xUnit)", "Naukaa97(xUnit)\Naukaa97(xUnit).csproj", "{797C9BB7-446A-4397-B416-0D422DF077CF}"
EndProject
Project("{9A19103F-16F7-4668-BE54-9A1E7A4F7556}") = "FreeSheet5", "FreeSheet5\FreeSheet5.csproj", "{90FF55DC-AC32-4241-B0DD-B88A804CE32C}"
EndProject
Project("{FAE04EC0-301F-11D3-BF4B-00C04F79EFBC}") = "Naukaa98(dependencyInjection)", "Naukaa98(dependencyInjection)\Naukaa98(dependencyInjection).csproj", "{44C8E904-9D54-4831-BA7B-4F3B0D61ABC3}"
EndProject
Global
	GlobalSection(SolutionConfigurationPlatforms) = preSolution
		Debug|Any CPU = Debug|Any CPU
		Release|Any CPU = Release|Any CPU
	EndGlobalSection
	GlobalSection(ProjectConfigurationPlatforms) = postSolution
		{0692AD1E-1EBF-475C-872A-9FC4F17F2E9E}.Debug|Any CPU.ActiveCfg = Debug|Any CPU
		{0692AD1E-1EBF-475C-872A-9FC4F17F2E9E}.Debug|Any CPU.Build.0 = Debug|Any CPU
		{0692AD1E-1EBF-475C-872A-9FC4F17F2E9E}.Release|Any CPU.ActiveCfg = Release|Any CPU
		{0692AD1E-1EBF-475C-872A-9FC4F17F2E9E}.Release|Any CPU.Build.0 = Release|Any CPU
		{D4DDA54D-510B-4D5A-BDA6-E9D5678B5836}.Debug|Any CPU.ActiveCfg = Debug|Any CPU
		{D4DDA54D-510B-4D5A-BDA6-E9D5678B5836}.Debug|Any CPU.Build.0 = Debug|Any CPU
		{D4DDA54D-510B-4D5A-BDA6-E9D5678B5836}.Release|Any CPU.ActiveCfg = Release|Any CPU
		{D4DDA54D-510B-4D5A-BDA6-E9D5678B5836}.Release|Any CPU.Build.0 = Release|Any CPU
		{1B5702A7-C696-4FAB-B360-DC29FFE79950}.Debug|Any CPU.ActiveCfg = Debug|Any CPU
		{1B5702A7-C696-4FAB-B360-DC29FFE79950}.Debug|Any CPU.Build.0 = Debug|Any CPU
		{1B5702A7-C696-4FAB-B360-DC29FFE79950}.Release|Any CPU.ActiveCfg = Release|Any CPU
		{1B5702A7-C696-4FAB-B360-DC29FFE79950}.Release|Any CPU.Build.0 = Release|Any CPU
		{AE0CCF96-5031-4091-B9F8-4AA8D2B8DC70}.Debug|Any CPU.ActiveCfg = Debug|Any CPU
		{AE0CCF96-5031-4091-B9F8-4AA8D2B8DC70}.Debug|Any CPU.Build.0 = Debug|Any CPU
		{AE0CCF96-5031-4091-B9F8-4AA8D2B8DC70}.Release|Any CPU.ActiveCfg = Release|Any CPU
		{AE0CCF96-5031-4091-B9F8-4AA8D2B8DC70}.Release|Any CPU.Build.0 = Release|Any CPU
		{604CDA68-7E0E-42D5-ACF0-B966EF5C1F58}.Debug|Any CPU.ActiveCfg = Debug|Any CPU
		{604CDA68-7E0E-42D5-ACF0-B966EF5C1F58}.Debug|Any CPU.Build.0 = Debug|Any CPU
		{604CDA68-7E0E-42D5-ACF0-B966EF5C1F58}.Release|Any CPU.ActiveCfg = Release|Any CPU
		{604CDA68-7E0E-42D5-ACF0-B966EF5C1F58}.Release|Any CPU.Build.0 = Release|Any CPU
		{8EE02F38-9B81-493F-8445-69CF9001CC8F}.Debug|Any CPU.ActiveCfg = Debug|Any CPU
		{8EE02F38-9B81-493F-8445-69CF9001CC8F}.Debug|Any CPU.Build.0 = Debug|Any CPU
		{8EE02F38-9B81-493F-8445-69CF9001CC8F}.Release|Any CPU.ActiveCfg = Release|Any CPU
		{8EE02F38-9B81-493F-8445-69CF9001CC8F}.Release|Any CPU.Build.0 = Release|Any CPU
		{551FF957-B9DF-4382-9771-3006DC6C4059}.Debug|Any CPU.ActiveCfg = Debug|Any CPU
		{551FF957-B9DF-4382-9771-3006DC6C4059}.Debug|Any CPU.Build.0 = Debug|Any CPU
		{551FF957-B9DF-4382-9771-3006DC6C4059}.Release|Any CPU.ActiveCfg = Release|Any CPU
		{551FF957-B9DF-4382-9771-3006DC6C4059}.Release|Any CPU.Build.0 = Release|Any CPU
		{FB62DC50-E0E0-4112-89FD-19294D1FD093}.Debug|Any CPU.ActiveCfg = Debug|Any CPU
		{FB62DC50-E0E0-4112-89FD-19294D1FD093}.Debug|Any CPU.Build.0 = Debug|Any CPU
		{FB62DC50-E0E0-4112-89FD-19294D1FD093}.Release|Any CPU.ActiveCfg = Release|Any CPU
		{FB62DC50-E0E0-4112-89FD-19294D1FD093}.Release|Any CPU.Build.0 = Release|Any CPU
		{5F6E8202-24EA-4750-8E48-ECF15A46AC22}.Debug|Any CPU.ActiveCfg = Debug|Any CPU
		{5F6E8202-24EA-4750-8E48-ECF15A46AC22}.Debug|Any CPU.Build.0 = Debug|Any CPU
		{5F6E8202-24EA-4750-8E48-ECF15A46AC22}.Release|Any CPU.ActiveCfg = Release|Any CPU
		{5F6E8202-24EA-4750-8E48-ECF15A46AC22}.Release|Any CPU.Build.0 = Release|Any CPU
		{30E23D2C-2D27-4445-B02E-E0E52BFB7E3C}.Debug|Any CPU.ActiveCfg = Debug|Any CPU
		{30E23D2C-2D27-4445-B02E-E0E52BFB7E3C}.Debug|Any CPU.Build.0 = Debug|Any CPU
		{30E23D2C-2D27-4445-B02E-E0E52BFB7E3C}.Release|Any CPU.ActiveCfg = Release|Any CPU
		{30E23D2C-2D27-4445-B02E-E0E52BFB7E3C}.Release|Any CPU.Build.0 = Release|Any CPU
		{517F98ED-F37A-49B3-AB42-7A8D711B664C}.Debug|Any CPU.ActiveCfg = Debug|Any CPU
		{517F98ED-F37A-49B3-AB42-7A8D711B664C}.Debug|Any CPU.Build.0 = Debug|Any CPU
		{517F98ED-F37A-49B3-AB42-7A8D711B664C}.Release|Any CPU.ActiveCfg = Release|Any CPU
		{517F98ED-F37A-49B3-AB42-7A8D711B664C}.Release|Any CPU.Build.0 = Release|Any CPU
		{A73E23BF-6D88-4E15-BC13-E2906966600C}.Debug|Any CPU.ActiveCfg = Debug|Any CPU
		{A73E23BF-6D88-4E15-BC13-E2906966600C}.Debug|Any CPU.Build.0 = Debug|Any CPU
		{A73E23BF-6D88-4E15-BC13-E2906966600C}.Release|Any CPU.ActiveCfg = Release|Any CPU
		{A73E23BF-6D88-4E15-BC13-E2906966600C}.Release|Any CPU.Build.0 = Release|Any CPU
		{37AFBFA0-C180-4C37-AD84-7AC59372E046}.Debug|Any CPU.ActiveCfg = Debug|Any CPU
		{37AFBFA0-C180-4C37-AD84-7AC59372E046}.Debug|Any CPU.Build.0 = Debug|Any CPU
		{37AFBFA0-C180-4C37-AD84-7AC59372E046}.Release|Any CPU.ActiveCfg = Release|Any CPU
		{37AFBFA0-C180-4C37-AD84-7AC59372E046}.Release|Any CPU.Build.0 = Release|Any CPU
		{C357F28D-35C0-4B37-86AA-84175C97B703}.Debug|Any CPU.ActiveCfg = Debug|Any CPU
		{C357F28D-35C0-4B37-86AA-84175C97B703}.Debug|Any CPU.Build.0 = Debug|Any CPU
		{C357F28D-35C0-4B37-86AA-84175C97B703}.Release|Any CPU.ActiveCfg = Release|Any CPU
		{C357F28D-35C0-4B37-86AA-84175C97B703}.Release|Any CPU.Build.0 = Release|Any CPU
		{390290E1-E6A5-4DAB-8C3D-BCFA1F48BCA9}.Debug|Any CPU.ActiveCfg = Debug|Any CPU
		{390290E1-E6A5-4DAB-8C3D-BCFA1F48BCA9}.Debug|Any CPU.Build.0 = Debug|Any CPU
		{390290E1-E6A5-4DAB-8C3D-BCFA1F48BCA9}.Release|Any CPU.ActiveCfg = Release|Any CPU
		{390290E1-E6A5-4DAB-8C3D-BCFA1F48BCA9}.Release|Any CPU.Build.0 = Release|Any CPU
		{7D2A6AED-9996-4194-A872-BF37C1892C86}.Debug|Any CPU.ActiveCfg = Debug|Any CPU
		{7D2A6AED-9996-4194-A872-BF37C1892C86}.Debug|Any CPU.Build.0 = Debug|Any CPU
		{7D2A6AED-9996-4194-A872-BF37C1892C86}.Release|Any CPU.ActiveCfg = Release|Any CPU
		{7D2A6AED-9996-4194-A872-BF37C1892C86}.Release|Any CPU.Build.0 = Release|Any CPU
		{E07FB472-53B8-4715-B080-B7D9E33A57B5}.Debug|Any CPU.ActiveCfg = Debug|Any CPU
		{E07FB472-53B8-4715-B080-B7D9E33A57B5}.Debug|Any CPU.Build.0 = Debug|Any CPU
		{E07FB472-53B8-4715-B080-B7D9E33A57B5}.Release|Any CPU.ActiveCfg = Release|Any CPU
		{E07FB472-53B8-4715-B080-B7D9E33A57B5}.Release|Any CPU.Build.0 = Release|Any CPU
		{41B56156-050B-44BA-B332-4C407F8E8392}.Debug|Any CPU.ActiveCfg = Debug|Any CPU
		{41B56156-050B-44BA-B332-4C407F8E8392}.Debug|Any CPU.Build.0 = Debug|Any CPU
		{41B56156-050B-44BA-B332-4C407F8E8392}.Release|Any CPU.ActiveCfg = Release|Any CPU
		{41B56156-050B-44BA-B332-4C407F8E8392}.Release|Any CPU.Build.0 = Release|Any CPU
		{24FB034C-F36E-453A-B016-0213B1AF2361}.Debug|Any CPU.ActiveCfg = Debug|Any CPU
		{24FB034C-F36E-453A-B016-0213B1AF2361}.Debug|Any CPU.Build.0 = Debug|Any CPU
		{24FB034C-F36E-453A-B016-0213B1AF2361}.Release|Any CPU.ActiveCfg = Release|Any CPU
		{24FB034C-F36E-453A-B016-0213B1AF2361}.Release|Any CPU.Build.0 = Release|Any CPU
		{7FE0F515-2FAB-41B4-AD6C-66E367BFB4F3}.Debug|Any CPU.ActiveCfg = Debug|Any CPU
		{7FE0F515-2FAB-41B4-AD6C-66E367BFB4F3}.Debug|Any CPU.Build.0 = Debug|Any CPU
		{7FE0F515-2FAB-41B4-AD6C-66E367BFB4F3}.Release|Any CPU.ActiveCfg = Release|Any CPU
		{7FE0F515-2FAB-41B4-AD6C-66E367BFB4F3}.Release|Any CPU.Build.0 = Release|Any CPU
		{0CC1D136-0373-4DB6-B98F-A5749D4F304D}.Debug|Any CPU.ActiveCfg = Debug|Any CPU
		{0CC1D136-0373-4DB6-B98F-A5749D4F304D}.Debug|Any CPU.Build.0 = Debug|Any CPU
		{0CC1D136-0373-4DB6-B98F-A5749D4F304D}.Release|Any CPU.ActiveCfg = Release|Any CPU
		{0CC1D136-0373-4DB6-B98F-A5749D4F304D}.Release|Any CPU.Build.0 = Release|Any CPU
		{9D105B4A-232A-4CA9-B46F-89318BE3EE57}.Debug|Any CPU.ActiveCfg = Debug|Any CPU
		{9D105B4A-232A-4CA9-B46F-89318BE3EE57}.Debug|Any CPU.Build.0 = Debug|Any CPU
		{9D105B4A-232A-4CA9-B46F-89318BE3EE57}.Release|Any CPU.ActiveCfg = Release|Any CPU
		{9D105B4A-232A-4CA9-B46F-89318BE3EE57}.Release|Any CPU.Build.0 = Release|Any CPU
		{1B236768-5845-4429-93C0-79D3EEE44B64}.Debug|Any CPU.ActiveCfg = Debug|Any CPU
		{1B236768-5845-4429-93C0-79D3EEE44B64}.Debug|Any CPU.Build.0 = Debug|Any CPU
		{1B236768-5845-4429-93C0-79D3EEE44B64}.Release|Any CPU.ActiveCfg = Release|Any CPU
		{1B236768-5845-4429-93C0-79D3EEE44B64}.Release|Any CPU.Build.0 = Release|Any CPU
		{05EA15A5-88C1-45BB-A694-7EEA5A574DA2}.Debug|Any CPU.ActiveCfg = Debug|Any CPU
		{05EA15A5-88C1-45BB-A694-7EEA5A574DA2}.Debug|Any CPU.Build.0 = Debug|Any CPU
		{05EA15A5-88C1-45BB-A694-7EEA5A574DA2}.Release|Any CPU.ActiveCfg = Release|Any CPU
		{05EA15A5-88C1-45BB-A694-7EEA5A574DA2}.Release|Any CPU.Build.0 = Release|Any CPU
		{4AE650C2-B5C4-49B1-A682-6F6D0505FD7C}.Debug|Any CPU.ActiveCfg = Debug|Any CPU
		{4AE650C2-B5C4-49B1-A682-6F6D0505FD7C}.Debug|Any CPU.Build.0 = Debug|Any CPU
		{4AE650C2-B5C4-49B1-A682-6F6D0505FD7C}.Release|Any CPU.ActiveCfg = Release|Any CPU
		{4AE650C2-B5C4-49B1-A682-6F6D0505FD7C}.Release|Any CPU.Build.0 = Release|Any CPU
		{F43D98B7-DBDC-436E-8A48-0A2D106E5A3B}.Debug|Any CPU.ActiveCfg = Debug|Any CPU
		{F43D98B7-DBDC-436E-8A48-0A2D106E5A3B}.Debug|Any CPU.Build.0 = Debug|Any CPU
		{F43D98B7-DBDC-436E-8A48-0A2D106E5A3B}.Release|Any CPU.ActiveCfg = Release|Any CPU
		{F43D98B7-DBDC-436E-8A48-0A2D106E5A3B}.Release|Any CPU.Build.0 = Release|Any CPU
		{42D66E01-94AA-4A05-86FA-5C457825F02E}.Debug|Any CPU.ActiveCfg = Debug|Any CPU
		{42D66E01-94AA-4A05-86FA-5C457825F02E}.Debug|Any CPU.Build.0 = Debug|Any CPU
		{42D66E01-94AA-4A05-86FA-5C457825F02E}.Release|Any CPU.ActiveCfg = Release|Any CPU
		{42D66E01-94AA-4A05-86FA-5C457825F02E}.Release|Any CPU.Build.0 = Release|Any CPU
		{F3C0B276-0BA1-48B1-94D1-9BDB6E5C2F37}.Debug|Any CPU.ActiveCfg = Debug|Any CPU
		{F3C0B276-0BA1-48B1-94D1-9BDB6E5C2F37}.Debug|Any CPU.Build.0 = Debug|Any CPU
		{F3C0B276-0BA1-48B1-94D1-9BDB6E5C2F37}.Release|Any CPU.ActiveCfg = Release|Any CPU
		{F3C0B276-0BA1-48B1-94D1-9BDB6E5C2F37}.Release|Any CPU.Build.0 = Release|Any CPU
		{950A735D-E539-4022-A2A4-F50E902FC46B}.Debug|Any CPU.ActiveCfg = Debug|Any CPU
		{950A735D-E539-4022-A2A4-F50E902FC46B}.Debug|Any CPU.Build.0 = Debug|Any CPU
		{950A735D-E539-4022-A2A4-F50E902FC46B}.Release|Any CPU.ActiveCfg = Release|Any CPU
		{950A735D-E539-4022-A2A4-F50E902FC46B}.Release|Any CPU.Build.0 = Release|Any CPU
		{F9E29DA4-8B2D-4419-A1C1-80B741D15523}.Debug|Any CPU.ActiveCfg = Debug|Any CPU
		{F9E29DA4-8B2D-4419-A1C1-80B741D15523}.Debug|Any CPU.Build.0 = Debug|Any CPU
		{F9E29DA4-8B2D-4419-A1C1-80B741D15523}.Release|Any CPU.ActiveCfg = Release|Any CPU
		{F9E29DA4-8B2D-4419-A1C1-80B741D15523}.Release|Any CPU.Build.0 = Release|Any CPU
		{B1BC0B46-A7FD-4299-B510-96D943A0AD84}.Debug|Any CPU.ActiveCfg = Debug|Any CPU
		{B1BC0B46-A7FD-4299-B510-96D943A0AD84}.Debug|Any CPU.Build.0 = Debug|Any CPU
		{B1BC0B46-A7FD-4299-B510-96D943A0AD84}.Release|Any CPU.ActiveCfg = Release|Any CPU
		{B1BC0B46-A7FD-4299-B510-96D943A0AD84}.Release|Any CPU.Build.0 = Release|Any CPU
		{F7163D01-359F-4372-AA26-B778493A2368}.Debug|Any CPU.ActiveCfg = Debug|Any CPU
		{F7163D01-359F-4372-AA26-B778493A2368}.Debug|Any CPU.Build.0 = Debug|Any CPU
		{F7163D01-359F-4372-AA26-B778493A2368}.Release|Any CPU.ActiveCfg = Release|Any CPU
		{F7163D01-359F-4372-AA26-B778493A2368}.Release|Any CPU.Build.0 = Release|Any CPU
		{898A7312-9EC9-46E5-B711-7422254846C5}.Debug|Any CPU.ActiveCfg = Debug|Any CPU
		{898A7312-9EC9-46E5-B711-7422254846C5}.Debug|Any CPU.Build.0 = Debug|Any CPU
		{898A7312-9EC9-46E5-B711-7422254846C5}.Release|Any CPU.ActiveCfg = Release|Any CPU
		{898A7312-9EC9-46E5-B711-7422254846C5}.Release|Any CPU.Build.0 = Release|Any CPU
		{D3768551-0362-4D70-AA90-B366C6CF3A57}.Debug|Any CPU.ActiveCfg = Debug|Any CPU
		{D3768551-0362-4D70-AA90-B366C6CF3A57}.Debug|Any CPU.Build.0 = Debug|Any CPU
		{D3768551-0362-4D70-AA90-B366C6CF3A57}.Release|Any CPU.ActiveCfg = Release|Any CPU
		{D3768551-0362-4D70-AA90-B366C6CF3A57}.Release|Any CPU.Build.0 = Release|Any CPU
		{A9A8F5F5-94C1-4817-92BE-3BFD65A61AB1}.Debug|Any CPU.ActiveCfg = Debug|Any CPU
		{A9A8F5F5-94C1-4817-92BE-3BFD65A61AB1}.Debug|Any CPU.Build.0 = Debug|Any CPU
		{A9A8F5F5-94C1-4817-92BE-3BFD65A61AB1}.Release|Any CPU.ActiveCfg = Release|Any CPU
		{A9A8F5F5-94C1-4817-92BE-3BFD65A61AB1}.Release|Any CPU.Build.0 = Release|Any CPU
		{A7D34C78-B94C-405B-ABE7-17B784DC594F}.Debug|Any CPU.ActiveCfg = Debug|Any CPU
		{A7D34C78-B94C-405B-ABE7-17B784DC594F}.Debug|Any CPU.Build.0 = Debug|Any CPU
		{A7D34C78-B94C-405B-ABE7-17B784DC594F}.Release|Any CPU.ActiveCfg = Release|Any CPU
		{A7D34C78-B94C-405B-ABE7-17B784DC594F}.Release|Any CPU.Build.0 = Release|Any CPU
		{562592BE-D562-4DFD-B092-67741A079B1C}.Debug|Any CPU.ActiveCfg = Debug|Any CPU
		{562592BE-D562-4DFD-B092-67741A079B1C}.Debug|Any CPU.Build.0 = Debug|Any CPU
		{562592BE-D562-4DFD-B092-67741A079B1C}.Release|Any CPU.ActiveCfg = Release|Any CPU
		{562592BE-D562-4DFD-B092-67741A079B1C}.Release|Any CPU.Build.0 = Release|Any CPU
		{A6ABF252-0309-4DAB-9556-F124728D4A2C}.Debug|Any CPU.ActiveCfg = Debug|Any CPU
		{A6ABF252-0309-4DAB-9556-F124728D4A2C}.Debug|Any CPU.Build.0 = Debug|Any CPU
		{A6ABF252-0309-4DAB-9556-F124728D4A2C}.Release|Any CPU.ActiveCfg = Release|Any CPU
		{A6ABF252-0309-4DAB-9556-F124728D4A2C}.Release|Any CPU.Build.0 = Release|Any CPU
		{B275532E-1AC6-4047-B55E-EFBEBAF3AE4D}.Debug|Any CPU.ActiveCfg = Debug|Any CPU
		{B275532E-1AC6-4047-B55E-EFBEBAF3AE4D}.Debug|Any CPU.Build.0 = Debug|Any CPU
		{B275532E-1AC6-4047-B55E-EFBEBAF3AE4D}.Release|Any CPU.ActiveCfg = Release|Any CPU
		{B275532E-1AC6-4047-B55E-EFBEBAF3AE4D}.Release|Any CPU.Build.0 = Release|Any CPU
		{0F8FD806-B3E7-4CF9-B416-E2BC3D902C8D}.Debug|Any CPU.ActiveCfg = Debug|Any CPU
		{0F8FD806-B3E7-4CF9-B416-E2BC3D902C8D}.Debug|Any CPU.Build.0 = Debug|Any CPU
		{0F8FD806-B3E7-4CF9-B416-E2BC3D902C8D}.Release|Any CPU.ActiveCfg = Release|Any CPU
		{0F8FD806-B3E7-4CF9-B416-E2BC3D902C8D}.Release|Any CPU.Build.0 = Release|Any CPU
		{E84AFD51-AA8C-4C5B-85BF-587C7D9DFC57}.Debug|Any CPU.ActiveCfg = Debug|Any CPU
		{E84AFD51-AA8C-4C5B-85BF-587C7D9DFC57}.Debug|Any CPU.Build.0 = Debug|Any CPU
		{E84AFD51-AA8C-4C5B-85BF-587C7D9DFC57}.Release|Any CPU.ActiveCfg = Release|Any CPU
		{E84AFD51-AA8C-4C5B-85BF-587C7D9DFC57}.Release|Any CPU.Build.0 = Release|Any CPU
		{518FA49E-E40A-4681-84FC-C53E39CA7561}.Debug|Any CPU.ActiveCfg = Debug|Any CPU
		{518FA49E-E40A-4681-84FC-C53E39CA7561}.Debug|Any CPU.Build.0 = Debug|Any CPU
		{518FA49E-E40A-4681-84FC-C53E39CA7561}.Release|Any CPU.ActiveCfg = Release|Any CPU
		{518FA49E-E40A-4681-84FC-C53E39CA7561}.Release|Any CPU.Build.0 = Release|Any CPU
		{307A3D72-02AA-415D-BC10-E528ACFBBC2B}.Debug|Any CPU.ActiveCfg = Debug|Any CPU
		{307A3D72-02AA-415D-BC10-E528ACFBBC2B}.Debug|Any CPU.Build.0 = Debug|Any CPU
		{307A3D72-02AA-415D-BC10-E528ACFBBC2B}.Release|Any CPU.ActiveCfg = Release|Any CPU
		{307A3D72-02AA-415D-BC10-E528ACFBBC2B}.Release|Any CPU.Build.0 = Release|Any CPU
		{A6F65DDA-C801-4130-9A01-621ECE521A91}.Debug|Any CPU.ActiveCfg = Debug|Any CPU
		{A6F65DDA-C801-4130-9A01-621ECE521A91}.Debug|Any CPU.Build.0 = Debug|Any CPU
		{A6F65DDA-C801-4130-9A01-621ECE521A91}.Release|Any CPU.ActiveCfg = Release|Any CPU
		{A6F65DDA-C801-4130-9A01-621ECE521A91}.Release|Any CPU.Build.0 = Release|Any CPU
		{B715E804-B44C-4882-99F6-1C31988C07B5}.Debug|Any CPU.ActiveCfg = Debug|Any CPU
		{B715E804-B44C-4882-99F6-1C31988C07B5}.Debug|Any CPU.Build.0 = Debug|Any CPU
		{B715E804-B44C-4882-99F6-1C31988C07B5}.Release|Any CPU.ActiveCfg = Release|Any CPU
		{B715E804-B44C-4882-99F6-1C31988C07B5}.Release|Any CPU.Build.0 = Release|Any CPU
		{8BB6C2F2-3C78-4E5D-BA28-BFB4140B52AB}.Debug|Any CPU.ActiveCfg = Debug|Any CPU
		{8BB6C2F2-3C78-4E5D-BA28-BFB4140B52AB}.Debug|Any CPU.Build.0 = Debug|Any CPU
		{8BB6C2F2-3C78-4E5D-BA28-BFB4140B52AB}.Release|Any CPU.ActiveCfg = Release|Any CPU
		{8BB6C2F2-3C78-4E5D-BA28-BFB4140B52AB}.Release|Any CPU.Build.0 = Release|Any CPU
		{9DFFD49B-34F8-468A-A6D3-ECEBB3ACAEC7}.Debug|Any CPU.ActiveCfg = Debug|Any CPU
		{9DFFD49B-34F8-468A-A6D3-ECEBB3ACAEC7}.Debug|Any CPU.Build.0 = Debug|Any CPU
		{9DFFD49B-34F8-468A-A6D3-ECEBB3ACAEC7}.Release|Any CPU.ActiveCfg = Release|Any CPU
		{9DFFD49B-34F8-468A-A6D3-ECEBB3ACAEC7}.Release|Any CPU.Build.0 = Release|Any CPU
		{AC71CDC2-AAE0-445F-B4D8-CB1C89E235FC}.Debug|Any CPU.ActiveCfg = Debug|Any CPU
		{AC71CDC2-AAE0-445F-B4D8-CB1C89E235FC}.Debug|Any CPU.Build.0 = Debug|Any CPU
		{AC71CDC2-AAE0-445F-B4D8-CB1C89E235FC}.Release|Any CPU.ActiveCfg = Release|Any CPU
		{AC71CDC2-AAE0-445F-B4D8-CB1C89E235FC}.Release|Any CPU.Build.0 = Release|Any CPU
		{87E72FEE-8668-47AC-B8F0-F097CBACEFC0}.Debug|Any CPU.ActiveCfg = Debug|Any CPU
		{87E72FEE-8668-47AC-B8F0-F097CBACEFC0}.Debug|Any CPU.Build.0 = Debug|Any CPU
		{87E72FEE-8668-47AC-B8F0-F097CBACEFC0}.Release|Any CPU.ActiveCfg = Release|Any CPU
		{87E72FEE-8668-47AC-B8F0-F097CBACEFC0}.Release|Any CPU.Build.0 = Release|Any CPU
		{B2107374-B21E-4C89-9191-C00D635AA72C}.Debug|Any CPU.ActiveCfg = Debug|Any CPU
		{B2107374-B21E-4C89-9191-C00D635AA72C}.Debug|Any CPU.Build.0 = Debug|Any CPU
		{B2107374-B21E-4C89-9191-C00D635AA72C}.Release|Any CPU.ActiveCfg = Release|Any CPU
		{B2107374-B21E-4C89-9191-C00D635AA72C}.Release|Any CPU.Build.0 = Release|Any CPU
		{06B0B399-2D03-4482-A9C7-D8A579CBE4B1}.Debug|Any CPU.ActiveCfg = Debug|Any CPU
		{06B0B399-2D03-4482-A9C7-D8A579CBE4B1}.Debug|Any CPU.Build.0 = Debug|Any CPU
		{06B0B399-2D03-4482-A9C7-D8A579CBE4B1}.Release|Any CPU.ActiveCfg = Release|Any CPU
		{06B0B399-2D03-4482-A9C7-D8A579CBE4B1}.Release|Any CPU.Build.0 = Release|Any CPU
		{A06A7929-B281-4E49-BCF9-ADFF93C9DD58}.Debug|Any CPU.ActiveCfg = Debug|Any CPU
		{A06A7929-B281-4E49-BCF9-ADFF93C9DD58}.Debug|Any CPU.Build.0 = Debug|Any CPU
		{A06A7929-B281-4E49-BCF9-ADFF93C9DD58}.Release|Any CPU.ActiveCfg = Release|Any CPU
		{A06A7929-B281-4E49-BCF9-ADFF93C9DD58}.Release|Any CPU.Build.0 = Release|Any CPU
		{346895FC-6029-4717-B30A-4EAC6BADDD5D}.Debug|Any CPU.ActiveCfg = Debug|Any CPU
		{346895FC-6029-4717-B30A-4EAC6BADDD5D}.Debug|Any CPU.Build.0 = Debug|Any CPU
		{346895FC-6029-4717-B30A-4EAC6BADDD5D}.Release|Any CPU.ActiveCfg = Release|Any CPU
		{346895FC-6029-4717-B30A-4EAC6BADDD5D}.Release|Any CPU.Build.0 = Release|Any CPU
		{08EBAF6B-DF12-4337-BB23-8335852E10F4}.Debug|Any CPU.ActiveCfg = Debug|Any CPU
		{08EBAF6B-DF12-4337-BB23-8335852E10F4}.Debug|Any CPU.Build.0 = Debug|Any CPU
		{08EBAF6B-DF12-4337-BB23-8335852E10F4}.Release|Any CPU.ActiveCfg = Release|Any CPU
		{08EBAF6B-DF12-4337-BB23-8335852E10F4}.Release|Any CPU.Build.0 = Release|Any CPU
		{1EE53BEF-33D3-4DCB-ABA2-1C9D5401AB9B}.Debug|Any CPU.ActiveCfg = Debug|Any CPU
		{1EE53BEF-33D3-4DCB-ABA2-1C9D5401AB9B}.Debug|Any CPU.Build.0 = Debug|Any CPU
		{1EE53BEF-33D3-4DCB-ABA2-1C9D5401AB9B}.Release|Any CPU.ActiveCfg = Release|Any CPU
		{1EE53BEF-33D3-4DCB-ABA2-1C9D5401AB9B}.Release|Any CPU.Build.0 = Release|Any CPU
		{CB8379DE-EAE1-4C8B-97D6-4036F2F8DE55}.Debug|Any CPU.ActiveCfg = Debug|Any CPU
		{CB8379DE-EAE1-4C8B-97D6-4036F2F8DE55}.Debug|Any CPU.Build.0 = Debug|Any CPU
		{CB8379DE-EAE1-4C8B-97D6-4036F2F8DE55}.Release|Any CPU.ActiveCfg = Release|Any CPU
		{CB8379DE-EAE1-4C8B-97D6-4036F2F8DE55}.Release|Any CPU.Build.0 = Release|Any CPU
		{934BD0F5-A1D4-478E-A399-A6590D9D38F8}.Debug|Any CPU.ActiveCfg = Debug|Any CPU
		{934BD0F5-A1D4-478E-A399-A6590D9D38F8}.Debug|Any CPU.Build.0 = Debug|Any CPU
		{934BD0F5-A1D4-478E-A399-A6590D9D38F8}.Release|Any CPU.ActiveCfg = Release|Any CPU
		{934BD0F5-A1D4-478E-A399-A6590D9D38F8}.Release|Any CPU.Build.0 = Release|Any CPU
		{35D57506-C0AB-45BB-8D7C-902E4058A905}.Debug|Any CPU.ActiveCfg = Debug|Any CPU
		{35D57506-C0AB-45BB-8D7C-902E4058A905}.Debug|Any CPU.Build.0 = Debug|Any CPU
		{35D57506-C0AB-45BB-8D7C-902E4058A905}.Release|Any CPU.ActiveCfg = Release|Any CPU
		{35D57506-C0AB-45BB-8D7C-902E4058A905}.Release|Any CPU.Build.0 = Release|Any CPU
		{34131DB5-0467-4DA0-AD75-A639877BFD77}.Debug|Any CPU.ActiveCfg = Debug|Any CPU
		{34131DB5-0467-4DA0-AD75-A639877BFD77}.Debug|Any CPU.Build.0 = Debug|Any CPU
		{34131DB5-0467-4DA0-AD75-A639877BFD77}.Release|Any CPU.ActiveCfg = Release|Any CPU
		{34131DB5-0467-4DA0-AD75-A639877BFD77}.Release|Any CPU.Build.0 = Release|Any CPU
		{505DD6A1-07D9-4656-8F95-FCC829B3FB50}.Debug|Any CPU.ActiveCfg = Debug|Any CPU
		{505DD6A1-07D9-4656-8F95-FCC829B3FB50}.Debug|Any CPU.Build.0 = Debug|Any CPU
		{505DD6A1-07D9-4656-8F95-FCC829B3FB50}.Release|Any CPU.ActiveCfg = Release|Any CPU
		{505DD6A1-07D9-4656-8F95-FCC829B3FB50}.Release|Any CPU.Build.0 = Release|Any CPU
		{9EE07FE0-68AF-437B-BD5A-21BDA43846B5}.Debug|Any CPU.ActiveCfg = Debug|Any CPU
		{9EE07FE0-68AF-437B-BD5A-21BDA43846B5}.Debug|Any CPU.Build.0 = Debug|Any CPU
		{9EE07FE0-68AF-437B-BD5A-21BDA43846B5}.Release|Any CPU.ActiveCfg = Release|Any CPU
		{9EE07FE0-68AF-437B-BD5A-21BDA43846B5}.Release|Any CPU.Build.0 = Release|Any CPU
		{2D6138A7-D099-4DDA-8A87-512536AF4BC8}.Debug|Any CPU.ActiveCfg = Debug|Any CPU
		{2D6138A7-D099-4DDA-8A87-512536AF4BC8}.Debug|Any CPU.Build.0 = Debug|Any CPU
		{2D6138A7-D099-4DDA-8A87-512536AF4BC8}.Release|Any CPU.ActiveCfg = Release|Any CPU
		{2D6138A7-D099-4DDA-8A87-512536AF4BC8}.Release|Any CPU.Build.0 = Release|Any CPU
		{FCDE7177-AABB-4769-81C3-16AB0429E466}.Debug|Any CPU.ActiveCfg = Debug|Any CPU
		{FCDE7177-AABB-4769-81C3-16AB0429E466}.Debug|Any CPU.Build.0 = Debug|Any CPU
		{FCDE7177-AABB-4769-81C3-16AB0429E466}.Release|Any CPU.ActiveCfg = Release|Any CPU
		{FCDE7177-AABB-4769-81C3-16AB0429E466}.Release|Any CPU.Build.0 = Release|Any CPU
		{324CA935-C712-439D-A563-C28C05E2C0D0}.Debug|Any CPU.ActiveCfg = Debug|Any CPU
		{324CA935-C712-439D-A563-C28C05E2C0D0}.Debug|Any CPU.Build.0 = Debug|Any CPU
		{324CA935-C712-439D-A563-C28C05E2C0D0}.Release|Any CPU.ActiveCfg = Release|Any CPU
		{324CA935-C712-439D-A563-C28C05E2C0D0}.Release|Any CPU.Build.0 = Release|Any CPU
		{852F72E0-6D5A-497F-B375-5B43245BBE3A}.Debug|Any CPU.ActiveCfg = Debug|Any CPU
		{852F72E0-6D5A-497F-B375-5B43245BBE3A}.Debug|Any CPU.Build.0 = Debug|Any CPU
		{852F72E0-6D5A-497F-B375-5B43245BBE3A}.Release|Any CPU.ActiveCfg = Release|Any CPU
		{852F72E0-6D5A-497F-B375-5B43245BBE3A}.Release|Any CPU.Build.0 = Release|Any CPU
		{C5CD177D-FF6A-433B-9AFA-2412C9111ECF}.Debug|Any CPU.ActiveCfg = Debug|Any CPU
		{C5CD177D-FF6A-433B-9AFA-2412C9111ECF}.Debug|Any CPU.Build.0 = Debug|Any CPU
		{C5CD177D-FF6A-433B-9AFA-2412C9111ECF}.Release|Any CPU.ActiveCfg = Release|Any CPU
		{C5CD177D-FF6A-433B-9AFA-2412C9111ECF}.Release|Any CPU.Build.0 = Release|Any CPU
		{513FAE37-668A-4E90-A6A4-3A96C51B605B}.Debug|Any CPU.ActiveCfg = Debug|Any CPU
		{513FAE37-668A-4E90-A6A4-3A96C51B605B}.Debug|Any CPU.Build.0 = Debug|Any CPU
		{513FAE37-668A-4E90-A6A4-3A96C51B605B}.Release|Any CPU.ActiveCfg = Release|Any CPU
		{513FAE37-668A-4E90-A6A4-3A96C51B605B}.Release|Any CPU.Build.0 = Release|Any CPU
		{CBE2318C-79ED-425E-B8CB-0191B18A5B6A}.Debug|Any CPU.ActiveCfg = Debug|Any CPU
		{CBE2318C-79ED-425E-B8CB-0191B18A5B6A}.Debug|Any CPU.Build.0 = Debug|Any CPU
		{CBE2318C-79ED-425E-B8CB-0191B18A5B6A}.Release|Any CPU.ActiveCfg = Release|Any CPU
		{CBE2318C-79ED-425E-B8CB-0191B18A5B6A}.Release|Any CPU.Build.0 = Release|Any CPU
		{644DE579-5DC5-4203-9C84-BE57DF749F20}.Debug|Any CPU.ActiveCfg = Debug|Any CPU
		{644DE579-5DC5-4203-9C84-BE57DF749F20}.Debug|Any CPU.Build.0 = Debug|Any CPU
		{644DE579-5DC5-4203-9C84-BE57DF749F20}.Release|Any CPU.ActiveCfg = Release|Any CPU
		{644DE579-5DC5-4203-9C84-BE57DF749F20}.Release|Any CPU.Build.0 = Release|Any CPU
		{EFFACAC0-8570-4AF9-93A3-BA55A84E381E}.Debug|Any CPU.ActiveCfg = Debug|Any CPU
		{EFFACAC0-8570-4AF9-93A3-BA55A84E381E}.Debug|Any CPU.Build.0 = Debug|Any CPU
		{EFFACAC0-8570-4AF9-93A3-BA55A84E381E}.Release|Any CPU.ActiveCfg = Release|Any CPU
		{EFFACAC0-8570-4AF9-93A3-BA55A84E381E}.Release|Any CPU.Build.0 = Release|Any CPU
		{69B8AAC2-2C88-4F0B-9AE3-6F901FA776CA}.Debug|Any CPU.ActiveCfg = Debug|Any CPU
		{69B8AAC2-2C88-4F0B-9AE3-6F901FA776CA}.Debug|Any CPU.Build.0 = Debug|Any CPU
		{69B8AAC2-2C88-4F0B-9AE3-6F901FA776CA}.Release|Any CPU.ActiveCfg = Release|Any CPU
		{69B8AAC2-2C88-4F0B-9AE3-6F901FA776CA}.Release|Any CPU.Build.0 = Release|Any CPU
		{AA84C537-615A-45DA-9BA5-36FCEE3255C9}.Debug|Any CPU.ActiveCfg = Debug|Any CPU
		{AA84C537-615A-45DA-9BA5-36FCEE3255C9}.Debug|Any CPU.Build.0 = Debug|Any CPU
		{AA84C537-615A-45DA-9BA5-36FCEE3255C9}.Release|Any CPU.ActiveCfg = Release|Any CPU
		{AA84C537-615A-45DA-9BA5-36FCEE3255C9}.Release|Any CPU.Build.0 = Release|Any CPU
		{8B22AF9A-ED55-412E-BE35-48A2A14A75A7}.Debug|Any CPU.ActiveCfg = Debug|Any CPU
		{8B22AF9A-ED55-412E-BE35-48A2A14A75A7}.Debug|Any CPU.Build.0 = Debug|Any CPU
		{8B22AF9A-ED55-412E-BE35-48A2A14A75A7}.Release|Any CPU.ActiveCfg = Release|Any CPU
		{8B22AF9A-ED55-412E-BE35-48A2A14A75A7}.Release|Any CPU.Build.0 = Release|Any CPU
		{CBE7713A-262D-4462-994A-CB2FB38305AE}.Debug|Any CPU.ActiveCfg = Debug|Any CPU
		{CBE7713A-262D-4462-994A-CB2FB38305AE}.Debug|Any CPU.Build.0 = Debug|Any CPU
		{CBE7713A-262D-4462-994A-CB2FB38305AE}.Release|Any CPU.ActiveCfg = Release|Any CPU
		{CBE7713A-262D-4462-994A-CB2FB38305AE}.Release|Any CPU.Build.0 = Release|Any CPU
		{7CCC1620-A155-42E2-B448-879A92356CE6}.Debug|Any CPU.ActiveCfg = Debug|Any CPU
		{7CCC1620-A155-42E2-B448-879A92356CE6}.Debug|Any CPU.Build.0 = Debug|Any CPU
		{7CCC1620-A155-42E2-B448-879A92356CE6}.Release|Any CPU.ActiveCfg = Release|Any CPU
		{7CCC1620-A155-42E2-B448-879A92356CE6}.Release|Any CPU.Build.0 = Release|Any CPU
		{B44CC5A1-56DC-4F63-AF17-D3BDD64EB122}.Debug|Any CPU.ActiveCfg = Debug|Any CPU
		{B44CC5A1-56DC-4F63-AF17-D3BDD64EB122}.Debug|Any CPU.Build.0 = Debug|Any CPU
		{B44CC5A1-56DC-4F63-AF17-D3BDD64EB122}.Release|Any CPU.ActiveCfg = Release|Any CPU
		{B44CC5A1-56DC-4F63-AF17-D3BDD64EB122}.Release|Any CPU.Build.0 = Release|Any CPU
		{28289EE2-5C87-49ED-B039-EDF303D4AA80}.Debug|Any CPU.ActiveCfg = Debug|Any CPU
		{28289EE2-5C87-49ED-B039-EDF303D4AA80}.Debug|Any CPU.Build.0 = Debug|Any CPU
		{28289EE2-5C87-49ED-B039-EDF303D4AA80}.Release|Any CPU.ActiveCfg = Release|Any CPU
		{28289EE2-5C87-49ED-B039-EDF303D4AA80}.Release|Any CPU.Build.0 = Release|Any CPU
		{A1324394-DCE5-44AC-A45D-E727EE2AD59F}.Debug|Any CPU.ActiveCfg = Debug|Any CPU
		{A1324394-DCE5-44AC-A45D-E727EE2AD59F}.Debug|Any CPU.Build.0 = Debug|Any CPU
		{A1324394-DCE5-44AC-A45D-E727EE2AD59F}.Release|Any CPU.ActiveCfg = Release|Any CPU
		{A1324394-DCE5-44AC-A45D-E727EE2AD59F}.Release|Any CPU.Build.0 = Release|Any CPU
		{2F5E5C34-0817-424D-8590-115BF0E31AA7}.Debug|Any CPU.ActiveCfg = Debug|Any CPU
		{2F5E5C34-0817-424D-8590-115BF0E31AA7}.Debug|Any CPU.Build.0 = Debug|Any CPU
		{2F5E5C34-0817-424D-8590-115BF0E31AA7}.Release|Any CPU.ActiveCfg = Release|Any CPU
		{2F5E5C34-0817-424D-8590-115BF0E31AA7}.Release|Any CPU.Build.0 = Release|Any CPU
		{1220648B-4546-4B24-8872-4D26B858D168}.Debug|Any CPU.ActiveCfg = Debug|Any CPU
		{1220648B-4546-4B24-8872-4D26B858D168}.Debug|Any CPU.Build.0 = Debug|Any CPU
		{1220648B-4546-4B24-8872-4D26B858D168}.Release|Any CPU.ActiveCfg = Release|Any CPU
		{1220648B-4546-4B24-8872-4D26B858D168}.Release|Any CPU.Build.0 = Release|Any CPU
		{EEA1E09B-9596-4A06-A65C-3DE09127566C}.Debug|Any CPU.ActiveCfg = Debug|Any CPU
		{EEA1E09B-9596-4A06-A65C-3DE09127566C}.Debug|Any CPU.Build.0 = Debug|Any CPU
		{EEA1E09B-9596-4A06-A65C-3DE09127566C}.Release|Any CPU.ActiveCfg = Release|Any CPU
		{EEA1E09B-9596-4A06-A65C-3DE09127566C}.Release|Any CPU.Build.0 = Release|Any CPU
		{01597C20-C0D2-434F-AD29-25A9258911B4}.Debug|Any CPU.ActiveCfg = Debug|Any CPU
		{01597C20-C0D2-434F-AD29-25A9258911B4}.Debug|Any CPU.Build.0 = Debug|Any CPU
		{01597C20-C0D2-434F-AD29-25A9258911B4}.Release|Any CPU.ActiveCfg = Release|Any CPU
		{01597C20-C0D2-434F-AD29-25A9258911B4}.Release|Any CPU.Build.0 = Release|Any CPU
		{C39D0EA9-DACF-4910-83EE-8D71AE635D85}.Debug|Any CPU.ActiveCfg = Debug|Any CPU
		{C39D0EA9-DACF-4910-83EE-8D71AE635D85}.Debug|Any CPU.Build.0 = Debug|Any CPU
		{C39D0EA9-DACF-4910-83EE-8D71AE635D85}.Release|Any CPU.ActiveCfg = Release|Any CPU
		{C39D0EA9-DACF-4910-83EE-8D71AE635D85}.Release|Any CPU.Build.0 = Release|Any CPU
		{F91B05F0-0C74-448E-A0F4-D250BC824F1B}.Debug|Any CPU.ActiveCfg = Debug|Any CPU
		{F91B05F0-0C74-448E-A0F4-D250BC824F1B}.Debug|Any CPU.Build.0 = Debug|Any CPU
		{F91B05F0-0C74-448E-A0F4-D250BC824F1B}.Release|Any CPU.ActiveCfg = Release|Any CPU
		{F91B05F0-0C74-448E-A0F4-D250BC824F1B}.Release|Any CPU.Build.0 = Release|Any CPU
		{46777CB9-8D28-4500-BCF7-04371062FBDF}.Debug|Any CPU.ActiveCfg = Debug|Any CPU
		{46777CB9-8D28-4500-BCF7-04371062FBDF}.Debug|Any CPU.Build.0 = Debug|Any CPU
		{46777CB9-8D28-4500-BCF7-04371062FBDF}.Release|Any CPU.ActiveCfg = Release|Any CPU
		{46777CB9-8D28-4500-BCF7-04371062FBDF}.Release|Any CPU.Build.0 = Release|Any CPU
		{2803BE58-7179-4E5B-98F9-AA2E7D5D56E2}.Debug|Any CPU.ActiveCfg = Debug|Any CPU
		{2803BE58-7179-4E5B-98F9-AA2E7D5D56E2}.Debug|Any CPU.Build.0 = Debug|Any CPU
		{2803BE58-7179-4E5B-98F9-AA2E7D5D56E2}.Release|Any CPU.ActiveCfg = Release|Any CPU
		{2803BE58-7179-4E5B-98F9-AA2E7D5D56E2}.Release|Any CPU.Build.0 = Release|Any CPU
		{E8D7AA98-EB6E-4D5E-AFFF-50103AFB18A8}.Debug|Any CPU.ActiveCfg = Debug|Any CPU
		{E8D7AA98-EB6E-4D5E-AFFF-50103AFB18A8}.Debug|Any CPU.Build.0 = Debug|Any CPU
		{E8D7AA98-EB6E-4D5E-AFFF-50103AFB18A8}.Release|Any CPU.ActiveCfg = Release|Any CPU
		{E8D7AA98-EB6E-4D5E-AFFF-50103AFB18A8}.Release|Any CPU.Build.0 = Release|Any CPU
		{24CFF4D7-1ACB-4A87-B9BC-40753510685A}.Debug|Any CPU.ActiveCfg = Debug|Any CPU
		{24CFF4D7-1ACB-4A87-B9BC-40753510685A}.Debug|Any CPU.Build.0 = Debug|Any CPU
		{24CFF4D7-1ACB-4A87-B9BC-40753510685A}.Release|Any CPU.ActiveCfg = Release|Any CPU
		{24CFF4D7-1ACB-4A87-B9BC-40753510685A}.Release|Any CPU.Build.0 = Release|Any CPU
		{F8FC5378-0DBC-4AE6-B049-43B992928F8D}.Debug|Any CPU.ActiveCfg = Debug|Any CPU
		{F8FC5378-0DBC-4AE6-B049-43B992928F8D}.Debug|Any CPU.Build.0 = Debug|Any CPU
		{F8FC5378-0DBC-4AE6-B049-43B992928F8D}.Release|Any CPU.ActiveCfg = Release|Any CPU
		{F8FC5378-0DBC-4AE6-B049-43B992928F8D}.Release|Any CPU.Build.0 = Release|Any CPU
		{083CF813-CCCB-4249-B1FC-74C521C15C8C}.Debug|Any CPU.ActiveCfg = Debug|Any CPU
		{083CF813-CCCB-4249-B1FC-74C521C15C8C}.Debug|Any CPU.Build.0 = Debug|Any CPU
		{083CF813-CCCB-4249-B1FC-74C521C15C8C}.Release|Any CPU.ActiveCfg = Release|Any CPU
		{083CF813-CCCB-4249-B1FC-74C521C15C8C}.Release|Any CPU.Build.0 = Release|Any CPU
		{AEC94B53-4297-4973-B5A4-8630BC985831}.Debug|Any CPU.ActiveCfg = Debug|Any CPU
		{AEC94B53-4297-4973-B5A4-8630BC985831}.Debug|Any CPU.Build.0 = Debug|Any CPU
		{AEC94B53-4297-4973-B5A4-8630BC985831}.Release|Any CPU.ActiveCfg = Release|Any CPU
		{AEC94B53-4297-4973-B5A4-8630BC985831}.Release|Any CPU.Build.0 = Release|Any CPU
		{194ED997-9009-4017-9324-E8FA8D2CCCCE}.Debug|Any CPU.ActiveCfg = Debug|Any CPU
		{194ED997-9009-4017-9324-E8FA8D2CCCCE}.Debug|Any CPU.Build.0 = Debug|Any CPU
		{194ED997-9009-4017-9324-E8FA8D2CCCCE}.Release|Any CPU.ActiveCfg = Release|Any CPU
		{194ED997-9009-4017-9324-E8FA8D2CCCCE}.Release|Any CPU.Build.0 = Release|Any CPU
		{96FC5EFC-1C5B-4B2F-B1A2-0D3F9E14B786}.Debug|Any CPU.ActiveCfg = Debug|Any CPU
		{96FC5EFC-1C5B-4B2F-B1A2-0D3F9E14B786}.Debug|Any CPU.Build.0 = Debug|Any CPU
		{96FC5EFC-1C5B-4B2F-B1A2-0D3F9E14B786}.Release|Any CPU.ActiveCfg = Release|Any CPU
		{96FC5EFC-1C5B-4B2F-B1A2-0D3F9E14B786}.Release|Any CPU.Build.0 = Release|Any CPU
		{BC6CE720-872B-4140-84FD-134F173F741E}.Debug|Any CPU.ActiveCfg = Debug|Any CPU
		{BC6CE720-872B-4140-84FD-134F173F741E}.Debug|Any CPU.Build.0 = Debug|Any CPU
		{BC6CE720-872B-4140-84FD-134F173F741E}.Release|Any CPU.ActiveCfg = Release|Any CPU
		{BC6CE720-872B-4140-84FD-134F173F741E}.Release|Any CPU.Build.0 = Release|Any CPU
		{1EB034B0-9E0B-427F-8AE7-C83FC4595DD2}.Debug|Any CPU.ActiveCfg = Debug|Any CPU
		{1EB034B0-9E0B-427F-8AE7-C83FC4595DD2}.Debug|Any CPU.Build.0 = Debug|Any CPU
		{1EB034B0-9E0B-427F-8AE7-C83FC4595DD2}.Release|Any CPU.ActiveCfg = Release|Any CPU
		{1EB034B0-9E0B-427F-8AE7-C83FC4595DD2}.Release|Any CPU.Build.0 = Release|Any CPU
		{A1B1ECA5-05D8-47F6-A6B1-733592BBB8EF}.Debug|Any CPU.ActiveCfg = Debug|Any CPU
		{A1B1ECA5-05D8-47F6-A6B1-733592BBB8EF}.Debug|Any CPU.Build.0 = Debug|Any CPU
		{A1B1ECA5-05D8-47F6-A6B1-733592BBB8EF}.Release|Any CPU.ActiveCfg = Release|Any CPU
		{A1B1ECA5-05D8-47F6-A6B1-733592BBB8EF}.Release|Any CPU.Build.0 = Release|Any CPU
		{BAFA8C81-402C-4265-BD50-386062E89DE6}.Debug|Any CPU.ActiveCfg = Debug|Any CPU
		{BAFA8C81-402C-4265-BD50-386062E89DE6}.Debug|Any CPU.Build.0 = Debug|Any CPU
		{BAFA8C81-402C-4265-BD50-386062E89DE6}.Release|Any CPU.ActiveCfg = Release|Any CPU
		{BAFA8C81-402C-4265-BD50-386062E89DE6}.Release|Any CPU.Build.0 = Release|Any CPU
		{E4BE5E0E-E1AE-4CDF-9669-9D2FD4251E99}.Debug|Any CPU.ActiveCfg = Debug|Any CPU
		{E4BE5E0E-E1AE-4CDF-9669-9D2FD4251E99}.Debug|Any CPU.Build.0 = Debug|Any CPU
		{E4BE5E0E-E1AE-4CDF-9669-9D2FD4251E99}.Release|Any CPU.ActiveCfg = Release|Any CPU
		{E4BE5E0E-E1AE-4CDF-9669-9D2FD4251E99}.Release|Any CPU.Build.0 = Release|Any CPU
		{A26673C5-09C8-41BB-B10F-155A47BE8BB2}.Debug|Any CPU.ActiveCfg = Debug|Any CPU
		{A26673C5-09C8-41BB-B10F-155A47BE8BB2}.Debug|Any CPU.Build.0 = Debug|Any CPU
		{A26673C5-09C8-41BB-B10F-155A47BE8BB2}.Release|Any CPU.ActiveCfg = Release|Any CPU
		{A26673C5-09C8-41BB-B10F-155A47BE8BB2}.Release|Any CPU.Build.0 = Release|Any CPU
		{797C9BB7-446A-4397-B416-0D422DF077CF}.Debug|Any CPU.ActiveCfg = Debug|Any CPU
		{797C9BB7-446A-4397-B416-0D422DF077CF}.Debug|Any CPU.Build.0 = Debug|Any CPU
		{797C9BB7-446A-4397-B416-0D422DF077CF}.Release|Any CPU.ActiveCfg = Release|Any CPU
		{797C9BB7-446A-4397-B416-0D422DF077CF}.Release|Any CPU.Build.0 = Release|Any CPU
		{90FF55DC-AC32-4241-B0DD-B88A804CE32C}.Debug|Any CPU.ActiveCfg = Debug|Any CPU
		{90FF55DC-AC32-4241-B0DD-B88A804CE32C}.Debug|Any CPU.Build.0 = Debug|Any CPU
		{90FF55DC-AC32-4241-B0DD-B88A804CE32C}.Release|Any CPU.ActiveCfg = Release|Any CPU
		{90FF55DC-AC32-4241-B0DD-B88A804CE32C}.Release|Any CPU.Build.0 = Release|Any CPU
		{44C8E904-9D54-4831-BA7B-4F3B0D61ABC3}.Debug|Any CPU.ActiveCfg = Debug|Any CPU
		{44C8E904-9D54-4831-BA7B-4F3B0D61ABC3}.Debug|Any CPU.Build.0 = Debug|Any CPU
		{44C8E904-9D54-4831-BA7B-4F3B0D61ABC3}.Release|Any CPU.ActiveCfg = Release|Any CPU
		{44C8E904-9D54-4831-BA7B-4F3B0D61ABC3}.Release|Any CPU.Build.0 = Release|Any CPU
	EndGlobalSection
	GlobalSection(SolutionProperties) = preSolution
		HideSolutionNode = FALSE
	EndGlobalSection
	GlobalSection(ExtensibilityGlobals) = postSolution
		SolutionGuid = {6E56A3EE-5946-4936-BED0-B6D9D93DDD24}
	EndGlobalSection
EndGlobal
