
Microsoft Visual Studio Solution File, Format Version 12.00
# Visual Studio Version 16
VisualStudioVersion = 16.0.31402.337
MinimumVisualStudioVersion = 10.0.40219.1
Project("{9A19103F-16F7-4668-BE54-9A1E7A4F7556}") = "Nauka", "Nauka\Nauka.csproj", "{7CAC5A6B-34EC-4686-BC15-9097A9D48627}"
EndProject
Project("{9A19103F-16F7-4668-BE54-9A1E7A4F7556}") = "Nauka2", "Nauka2\Nauka2.csproj", "{40295FE7-5F22-4F8D-9194-E707E7C41006}"
EndProject
Project("{9A19103F-16F7-4668-BE54-9A1E7A4F7556}") = "Nauka3", "Nauka3\Nauka3.csproj", "{B6925032-BD8E-4A4D-9009-F90EA504818B}"
EndProject
Project("{9A19103F-16F7-4668-BE54-9A1E7A4F7556}") = "Nauka4", "Nauka4\Nauka4.csproj", "{6396C23A-816F-46BF-A80B-38B20E6FF124}"
EndProject
Project("{9A19103F-16F7-4668-BE54-9A1E7A4F7556}") = "Nauka5", "Nauka5\Nauka5.csproj", "{3950EC48-025A-4B59-8304-104DEF57FE66}"
EndProject
Project("{9A19103F-16F7-4668-BE54-9A1E7A4F7556}") = "Nauka6", "Nauka6\Nauka6.csproj", "{E7930C2F-2FA9-410A-9ED1-9069968B0BB5}"
EndProject
Project("{9A19103F-16F7-4668-BE54-9A1E7A4F7556}") = "Nauka7", "Nauka7\Nauka7.csproj", "{46BF3DBC-E1A2-4E29-AD0F-C2A4B6181AD9}"
EndProject
Project("{9A19103F-16F7-4668-BE54-9A1E7A4F7556}") = "Nauka8", "Nauka8\Nauka8.csproj", "{81214B82-8A2D-491C-8C3E-AAB48ED1A720}"
EndProject
Project("{9A19103F-16F7-4668-BE54-9A1E7A4F7556}") = "Nauka9", "Nauka9\Nauka9.csproj", "{AAB7FBAC-DB61-4817-AFE8-20246409C13D}"
EndProject
Project("{9A19103F-16F7-4668-BE54-9A1E7A4F7556}") = "Naukaa10(method)", "Nauka10\Naukaa10(method).csproj", "{DAA03050-6939-4933-AD8D-335ADC1B4F1B}"
EndProject
Project("{9A19103F-16F7-4668-BE54-9A1E7A4F7556}") = "Naukaa11(class)", "Naukaa11\Naukaa11(class).csproj", "{0692AD1E-1EBF-475C-872A-9FC4F17F2E9E}"
EndProject
Project("{9A19103F-16F7-4668-BE54-9A1E7A4F7556}") = "Naukaa12(constructor)", "Naukaa12\Naukaa12(constructor).csproj", "{D4DDA54D-510B-4D5A-BDA6-E9D5678B5836}"
EndProject
Project("{9A19103F-16F7-4668-BE54-9A1E7A4F7556}") = "Naukaa13(getSet)", "Naukaa13\Naukaa13(getSet).csproj", "{1B5702A7-C696-4FAB-B360-DC29FFE79950}"
EndProject
Project("{9A19103F-16F7-4668-BE54-9A1E7A4F7556}") = "Naukaa14(inheriting)", "Naukaa14\Naukaa14(inheriting).csproj", "{AE0CCF96-5031-4091-B9F8-4AA8D2B8DC70}"
EndProject
Project("{9A19103F-16F7-4668-BE54-9A1E7A4F7556}") = "Naukaa15(interface)", "Naukaa15\Naukaa15(interface).csproj", "{604CDA68-7E0E-42D5-ACF0-B966EF5C1F58}"
EndProject
Project("{9A19103F-16F7-4668-BE54-9A1E7A4F7556}") = "Naukaa16(list)", "Naukaa16\Naukaa16(list).csproj", "{8EE02F38-9B81-493F-8445-69CF9001CC8F}"
EndProject
Project("{9A19103F-16F7-4668-BE54-9A1E7A4F7556}") = "Naukaa17(queue)", "Naukaa17\Naukaa17(queue).csproj", "{551FF957-B9DF-4382-9771-3006DC6C4059}"
EndProject
Project("{9A19103F-16F7-4668-BE54-9A1E7A4F7556}") = "Naukaa18", "Naukaa18\Naukaa18.csproj", "{17F4ED0C-7784-43AC-903D-0303BB91C30F}"
EndProject
Project("{9A19103F-16F7-4668-BE54-9A1E7A4F7556}") = "Naukaa19", "Naukaa19\Naukaa19.csproj", "{A1EE3A68-C58B-4ACB-8983-2048187DAA40}"
EndProject
Project("{9A19103F-16F7-4668-BE54-9A1E7A4F7556}") = "Naukaa20(unknown)", "Naukaa21\Naukaa20(unknown).csproj", "{BFCBB0D2-8150-49B1-AEF0-8DAA5FE07581}"
EndProject
Project("{9A19103F-16F7-4668-BE54-9A1E7A4F7556}") = "Naukaa21(builder)", "Naukaa22\Naukaa21(builder).csproj", "{170DBA00-49E0-4037-A58B-E409A5472BEA}"
EndProject
Project("{9A19103F-16F7-4668-BE54-9A1E7A4F7556}") = "Naukaa22(basics)", "Naukaa23\Naukaa22(basics).csproj", "{FE80FF15-E20D-4A7C-A2AA-4219900A541C}"
EndProject
Project("{9A19103F-16F7-4668-BE54-9A1E7A4F7556}") = "Naukaa23(basics)", "Naukaa24\Naukaa23(basics).csproj", "{772EA50A-A0A9-4A41-844D-D1289150B80C}"
EndProject
Project("{9A19103F-16F7-4668-BE54-9A1E7A4F7556}") = "Naukaa24(easyBuilder)", "Naukaa25\Naukaa24(easyBuilder).csproj", "{3FE9D8D2-2626-4FD3-8400-0016D0A1425F}"
EndProject
Project("{9A19103F-16F7-4668-BE54-9A1E7A4F7556}") = "Naukaa25(prototype)", "Naukaa26\Naukaa25(prototype).csproj", "{CF5B5BEC-A5D7-41D3-936D-B29C7F782DF4}"
EndProject
Project("{FAE04EC0-301F-11D3-BF4B-00C04F79EFBC}") = "Naukaa26(abstract)", "Naukaa27\Naukaa26(abstract).csproj", "{E85770FB-74F4-49DE-9785-BE82018547CA}"
EndProject
Global
	GlobalSection(SolutionConfigurationPlatforms) = preSolution
		Debug|Any CPU = Debug|Any CPU
		Release|Any CPU = Release|Any CPU
	EndGlobalSection
	GlobalSection(ProjectConfigurationPlatforms) = postSolution
		{7CAC5A6B-34EC-4686-BC15-9097A9D48627}.Debug|Any CPU.ActiveCfg = Debug|Any CPU
		{7CAC5A6B-34EC-4686-BC15-9097A9D48627}.Debug|Any CPU.Build.0 = Debug|Any CPU
		{7CAC5A6B-34EC-4686-BC15-9097A9D48627}.Release|Any CPU.ActiveCfg = Release|Any CPU
		{7CAC5A6B-34EC-4686-BC15-9097A9D48627}.Release|Any CPU.Build.0 = Release|Any CPU
		{40295FE7-5F22-4F8D-9194-E707E7C41006}.Debug|Any CPU.ActiveCfg = Debug|Any CPU
		{40295FE7-5F22-4F8D-9194-E707E7C41006}.Debug|Any CPU.Build.0 = Debug|Any CPU
		{40295FE7-5F22-4F8D-9194-E707E7C41006}.Release|Any CPU.ActiveCfg = Release|Any CPU
		{40295FE7-5F22-4F8D-9194-E707E7C41006}.Release|Any CPU.Build.0 = Release|Any CPU
		{B6925032-BD8E-4A4D-9009-F90EA504818B}.Debug|Any CPU.ActiveCfg = Debug|Any CPU
		{B6925032-BD8E-4A4D-9009-F90EA504818B}.Debug|Any CPU.Build.0 = Debug|Any CPU
		{B6925032-BD8E-4A4D-9009-F90EA504818B}.Release|Any CPU.ActiveCfg = Release|Any CPU
		{B6925032-BD8E-4A4D-9009-F90EA504818B}.Release|Any CPU.Build.0 = Release|Any CPU
		{6396C23A-816F-46BF-A80B-38B20E6FF124}.Debug|Any CPU.ActiveCfg = Debug|Any CPU
		{6396C23A-816F-46BF-A80B-38B20E6FF124}.Debug|Any CPU.Build.0 = Debug|Any CPU
		{6396C23A-816F-46BF-A80B-38B20E6FF124}.Release|Any CPU.ActiveCfg = Release|Any CPU
		{6396C23A-816F-46BF-A80B-38B20E6FF124}.Release|Any CPU.Build.0 = Release|Any CPU
		{3950EC48-025A-4B59-8304-104DEF57FE66}.Debug|Any CPU.ActiveCfg = Debug|Any CPU
		{3950EC48-025A-4B59-8304-104DEF57FE66}.Debug|Any CPU.Build.0 = Debug|Any CPU
		{3950EC48-025A-4B59-8304-104DEF57FE66}.Release|Any CPU.ActiveCfg = Release|Any CPU
		{3950EC48-025A-4B59-8304-104DEF57FE66}.Release|Any CPU.Build.0 = Release|Any CPU
		{E7930C2F-2FA9-410A-9ED1-9069968B0BB5}.Debug|Any CPU.ActiveCfg = Debug|Any CPU
		{E7930C2F-2FA9-410A-9ED1-9069968B0BB5}.Debug|Any CPU.Build.0 = Debug|Any CPU
		{E7930C2F-2FA9-410A-9ED1-9069968B0BB5}.Release|Any CPU.ActiveCfg = Release|Any CPU
		{E7930C2F-2FA9-410A-9ED1-9069968B0BB5}.Release|Any CPU.Build.0 = Release|Any CPU
		{46BF3DBC-E1A2-4E29-AD0F-C2A4B6181AD9}.Debug|Any CPU.ActiveCfg = Debug|Any CPU
		{46BF3DBC-E1A2-4E29-AD0F-C2A4B6181AD9}.Debug|Any CPU.Build.0 = Debug|Any CPU
		{46BF3DBC-E1A2-4E29-AD0F-C2A4B6181AD9}.Release|Any CPU.ActiveCfg = Release|Any CPU
		{46BF3DBC-E1A2-4E29-AD0F-C2A4B6181AD9}.Release|Any CPU.Build.0 = Release|Any CPU
		{81214B82-8A2D-491C-8C3E-AAB48ED1A720}.Debug|Any CPU.ActiveCfg = Debug|Any CPU
		{81214B82-8A2D-491C-8C3E-AAB48ED1A720}.Debug|Any CPU.Build.0 = Debug|Any CPU
		{81214B82-8A2D-491C-8C3E-AAB48ED1A720}.Release|Any CPU.ActiveCfg = Release|Any CPU
		{81214B82-8A2D-491C-8C3E-AAB48ED1A720}.Release|Any CPU.Build.0 = Release|Any CPU
		{AAB7FBAC-DB61-4817-AFE8-20246409C13D}.Debug|Any CPU.ActiveCfg = Debug|Any CPU
		{AAB7FBAC-DB61-4817-AFE8-20246409C13D}.Debug|Any CPU.Build.0 = Debug|Any CPU
		{AAB7FBAC-DB61-4817-AFE8-20246409C13D}.Release|Any CPU.ActiveCfg = Release|Any CPU
		{AAB7FBAC-DB61-4817-AFE8-20246409C13D}.Release|Any CPU.Build.0 = Release|Any CPU
		{DAA03050-6939-4933-AD8D-335ADC1B4F1B}.Debug|Any CPU.ActiveCfg = Debug|Any CPU
		{DAA03050-6939-4933-AD8D-335ADC1B4F1B}.Debug|Any CPU.Build.0 = Debug|Any CPU
		{DAA03050-6939-4933-AD8D-335ADC1B4F1B}.Release|Any CPU.ActiveCfg = Release|Any CPU
		{DAA03050-6939-4933-AD8D-335ADC1B4F1B}.Release|Any CPU.Build.0 = Release|Any CPU
		{0692AD1E-1EBF-475C-872A-9FC4F17F2E9E}.Debug|Any CPU.ActiveCfg = Debug|Any CPU
		{0692AD1E-1EBF-475C-872A-9FC4F17F2E9E}.Debug|Any CPU.Build.0 = Debug|Any CPU
		{0692AD1E-1EBF-475C-872A-9FC4F17F2E9E}.Release|Any CPU.ActiveCfg = Release|Any CPU
		{0692AD1E-1EBF-475C-872A-9FC4F17F2E9E}.Release|Any CPU.Build.0 = Release|Any CPU
		{D4DDA54D-510B-4D5A-BDA6-E9D5678B5836}.Debug|Any CPU.ActiveCfg = Debug|Any CPU
		{D4DDA54D-510B-4D5A-BDA6-E9D5678B5836}.Debug|Any CPU.Build.0 = Debug|Any CPU
		{D4DDA54D-510B-4D5A-BDA6-E9D5678B5836}.Release|Any CPU.ActiveCfg = Release|Any CPU
		{D4DDA54D-510B-4D5A-BDA6-E9D5678B5836}.Release|Any CPU.Build.0 = Release|Any CPU
		{1B5702A7-C696-4FAB-B360-DC29FFE79950}.Debug|Any CPU.ActiveCfg = Debug|Any CPU
		{1B5702A7-C696-4FAB-B360-DC29FFE79950}.Debug|Any CPU.Build.0 = Debug|Any CPU
		{1B5702A7-C696-4FAB-B360-DC29FFE79950}.Release|Any CPU.ActiveCfg = Release|Any CPU
		{1B5702A7-C696-4FAB-B360-DC29FFE79950}.Release|Any CPU.Build.0 = Release|Any CPU
		{AE0CCF96-5031-4091-B9F8-4AA8D2B8DC70}.Debug|Any CPU.ActiveCfg = Debug|Any CPU
		{AE0CCF96-5031-4091-B9F8-4AA8D2B8DC70}.Debug|Any CPU.Build.0 = Debug|Any CPU
		{AE0CCF96-5031-4091-B9F8-4AA8D2B8DC70}.Release|Any CPU.ActiveCfg = Release|Any CPU
		{AE0CCF96-5031-4091-B9F8-4AA8D2B8DC70}.Release|Any CPU.Build.0 = Release|Any CPU
		{604CDA68-7E0E-42D5-ACF0-B966EF5C1F58}.Debug|Any CPU.ActiveCfg = Debug|Any CPU
		{604CDA68-7E0E-42D5-ACF0-B966EF5C1F58}.Debug|Any CPU.Build.0 = Debug|Any CPU
		{604CDA68-7E0E-42D5-ACF0-B966EF5C1F58}.Release|Any CPU.ActiveCfg = Release|Any CPU
		{604CDA68-7E0E-42D5-ACF0-B966EF5C1F58}.Release|Any CPU.Build.0 = Release|Any CPU
		{8EE02F38-9B81-493F-8445-69CF9001CC8F}.Debug|Any CPU.ActiveCfg = Debug|Any CPU
		{8EE02F38-9B81-493F-8445-69CF9001CC8F}.Debug|Any CPU.Build.0 = Debug|Any CPU
		{8EE02F38-9B81-493F-8445-69CF9001CC8F}.Release|Any CPU.ActiveCfg = Release|Any CPU
		{8EE02F38-9B81-493F-8445-69CF9001CC8F}.Release|Any CPU.Build.0 = Release|Any CPU
		{551FF957-B9DF-4382-9771-3006DC6C4059}.Debug|Any CPU.ActiveCfg = Debug|Any CPU
		{551FF957-B9DF-4382-9771-3006DC6C4059}.Debug|Any CPU.Build.0 = Debug|Any CPU
		{551FF957-B9DF-4382-9771-3006DC6C4059}.Release|Any CPU.ActiveCfg = Release|Any CPU
		{551FF957-B9DF-4382-9771-3006DC6C4059}.Release|Any CPU.Build.0 = Release|Any CPU
		{17F4ED0C-7784-43AC-903D-0303BB91C30F}.Debug|Any CPU.ActiveCfg = Debug|Any CPU
		{17F4ED0C-7784-43AC-903D-0303BB91C30F}.Debug|Any CPU.Build.0 = Debug|Any CPU
		{17F4ED0C-7784-43AC-903D-0303BB91C30F}.Release|Any CPU.ActiveCfg = Release|Any CPU
		{17F4ED0C-7784-43AC-903D-0303BB91C30F}.Release|Any CPU.Build.0 = Release|Any CPU
		{A1EE3A68-C58B-4ACB-8983-2048187DAA40}.Debug|Any CPU.ActiveCfg = Debug|Any CPU
		{A1EE3A68-C58B-4ACB-8983-2048187DAA40}.Debug|Any CPU.Build.0 = Debug|Any CPU
		{A1EE3A68-C58B-4ACB-8983-2048187DAA40}.Release|Any CPU.ActiveCfg = Release|Any CPU
		{A1EE3A68-C58B-4ACB-8983-2048187DAA40}.Release|Any CPU.Build.0 = Release|Any CPU
		{BFCBB0D2-8150-49B1-AEF0-8DAA5FE07581}.Debug|Any CPU.ActiveCfg = Debug|Any CPU
		{BFCBB0D2-8150-49B1-AEF0-8DAA5FE07581}.Debug|Any CPU.Build.0 = Debug|Any CPU
		{BFCBB0D2-8150-49B1-AEF0-8DAA5FE07581}.Release|Any CPU.ActiveCfg = Release|Any CPU
		{BFCBB0D2-8150-49B1-AEF0-8DAA5FE07581}.Release|Any CPU.Build.0 = Release|Any CPU
		{170DBA00-49E0-4037-A58B-E409A5472BEA}.Debug|Any CPU.ActiveCfg = Debug|Any CPU
		{170DBA00-49E0-4037-A58B-E409A5472BEA}.Debug|Any CPU.Build.0 = Debug|Any CPU
		{170DBA00-49E0-4037-A58B-E409A5472BEA}.Release|Any CPU.ActiveCfg = Release|Any CPU
		{170DBA00-49E0-4037-A58B-E409A5472BEA}.Release|Any CPU.Build.0 = Release|Any CPU
		{FE80FF15-E20D-4A7C-A2AA-4219900A541C}.Debug|Any CPU.ActiveCfg = Debug|Any CPU
		{FE80FF15-E20D-4A7C-A2AA-4219900A541C}.Debug|Any CPU.Build.0 = Debug|Any CPU
		{FE80FF15-E20D-4A7C-A2AA-4219900A541C}.Release|Any CPU.ActiveCfg = Release|Any CPU
		{FE80FF15-E20D-4A7C-A2AA-4219900A541C}.Release|Any CPU.Build.0 = Release|Any CPU
		{772EA50A-A0A9-4A41-844D-D1289150B80C}.Debug|Any CPU.ActiveCfg = Debug|Any CPU
		{772EA50A-A0A9-4A41-844D-D1289150B80C}.Debug|Any CPU.Build.0 = Debug|Any CPU
		{772EA50A-A0A9-4A41-844D-D1289150B80C}.Release|Any CPU.ActiveCfg = Release|Any CPU
		{772EA50A-A0A9-4A41-844D-D1289150B80C}.Release|Any CPU.Build.0 = Release|Any CPU
		{3FE9D8D2-2626-4FD3-8400-0016D0A1425F}.Debug|Any CPU.ActiveCfg = Debug|Any CPU
		{3FE9D8D2-2626-4FD3-8400-0016D0A1425F}.Debug|Any CPU.Build.0 = Debug|Any CPU
		{3FE9D8D2-2626-4FD3-8400-0016D0A1425F}.Release|Any CPU.ActiveCfg = Release|Any CPU
		{3FE9D8D2-2626-4FD3-8400-0016D0A1425F}.Release|Any CPU.Build.0 = Release|Any CPU
		{CF5B5BEC-A5D7-41D3-936D-B29C7F782DF4}.Debug|Any CPU.ActiveCfg = Debug|Any CPU
		{CF5B5BEC-A5D7-41D3-936D-B29C7F782DF4}.Debug|Any CPU.Build.0 = Debug|Any CPU
		{CF5B5BEC-A5D7-41D3-936D-B29C7F782DF4}.Release|Any CPU.ActiveCfg = Release|Any CPU
		{CF5B5BEC-A5D7-41D3-936D-B29C7F782DF4}.Release|Any CPU.Build.0 = Release|Any CPU
		{E85770FB-74F4-49DE-9785-BE82018547CA}.Debug|Any CPU.ActiveCfg = Debug|Any CPU
		{E85770FB-74F4-49DE-9785-BE82018547CA}.Debug|Any CPU.Build.0 = Debug|Any CPU
		{E85770FB-74F4-49DE-9785-BE82018547CA}.Release|Any CPU.ActiveCfg = Release|Any CPU
		{E85770FB-74F4-49DE-9785-BE82018547CA}.Release|Any CPU.Build.0 = Release|Any CPU
	EndGlobalSection
	GlobalSection(SolutionProperties) = preSolution
		HideSolutionNode = FALSE
	EndGlobalSection
	GlobalSection(ExtensibilityGlobals) = postSolution
		SolutionGuid = {6E56A3EE-5946-4936-BED0-B6D9D93DDD24}
	EndGlobalSection
EndGlobal
